// !$*UTF8*$!
{
	archiveVersion = 1;
	classes = {
	};
	objectVersion = 77;
	objects = {

/* Begin PBXBuildFile section */
		091C23D15A0618E4C9D93470 /* content.js in Resources */ = {isa = PBXBuildFile; fileRef = C92E6B86E06DBA3FAF458AA8 /* content.js */; };
		09C7E842D5114B27B18A86DB /* RouterTabView.swift in Sources */ = {isa = PBXBuildFile; fileRef = 10F52E8BB62D4BA5E32CD492 /* RouterTabView.swift */; };
		0A63D7EDCF55B55E811CB8EE /* Localizable.strings in Resources */ = {isa = PBXBuildFile; fileRef = 2F278BFDA3B2DF653CD4E4A2 /* Localizable.strings */; };
		0CB37CF6BCB9021523F734DF /* SafariWebExtensionHandler.swift in Sources */ = {isa = PBXBuildFile; fileRef = A4BE22F2B94BE5B640CCDB1E /* SafariWebExtensionHandler.swift */; };
		0F5CB5937AE876460E91A93C /* RuleEditorView.swift in Sources */ = {isa = PBXBuildFile; fileRef = B56E2AFB07CC6CA3A5582028 /* RuleEditorView.swift */; };
		10E9805314E7BF727FB2C9C4 /* download-on-app-store-en.svg in Resources */ = {isa = PBXBuildFile; fileRef = C1AF1FEF2387E709571DAA19 /* download-on-app-store-en.svg */; };
		1150700A20301EFB81B57837 /* GeneralView.swift in Sources */ = {isa = PBXBuildFile; fileRef = 8449AE30421FC5A59FC77934 /* GeneralView.swift */; };
		13C5A394060BB3FAA4E0F25B /* BackupService.swift in Sources */ = {isa = PBXBuildFile; fileRef = B4F4144B8AE085C797A52208 /* BackupService.swift */; };
		1E4AB9EFC1355B9B65F0D1C3 /* InfoPlist.strings in Resources */ = {isa = PBXBuildFile; fileRef = 5385B997A76CEA70148BB576 /* InfoPlist.strings */; };
		2A48607D8DD08980F7A128D5 /* Browser.swift in Sources */ = {isa = PBXBuildFile; fileRef = C137716E2FEA5232D824F358 /* Browser.swift */; };
		2BE142A7116F307B8526606A /* SyncService.swift in Sources */ = {isa = PBXBuildFile; fileRef = 5E94CB565A48E6F14B1C0821 /* SyncService.swift */; };
		32705BB7B9B3DD1FAC405E50 /* RouterModels.swift in Sources */ = {isa = PBXBuildFile; fileRef = 005114DBA010E2061038E501 /* RouterModels.swift */; };
		33196311642EEF796051FA58 /* BrowserScanner.swift in Sources */ = {isa = PBXBuildFile; fileRef = 2AF71F0DA64453CD967B49F2 /* BrowserScanner.swift */; };
		35990744963633AE665BBF5C /* StateSyncTabView.swift in Sources */ = {isa = PBXBuildFile; fileRef = A871D9385C69C6022679A1A6 /* StateSyncTabView.swift */; };
		388A049850B7932FC450C04D /* BrowSync-Promo-1280x800.png in Resources */ = {isa = PBXBuildFile; fileRef = C4B27D5A9D28D813C2D50EC6 /* BrowSync-Promo-1280x800.png */; };
		3A13FFD185F493D6D340336C /* SafariBookmarkService.swift in Sources */ = {isa = PBXBuildFile; fileRef = 3DC990238C2CD5EC343B5DF5 /* SafariBookmarkService.swift */; };
		3BFC42816BF86AFFDAE82773 /* RuleEditorView.swift in Sources */ = {isa = PBXBuildFile; fileRef = B56E2AFB07CC6CA3A5582028 /* RuleEditorView.swift */; };
		3CA927BE680755151AFD2D5C /* Sparkle in Frameworks */ = {isa = PBXBuildFile; productRef = B6D44F4007EDC4B1F445B0CA /* Sparkle */; };
		3EE510682D312645C14ED24B /* popup.html in Resources */ = {isa = PBXBuildFile; fileRef = 2D55AFE8190981BCBBAD8141 /* popup.html */; };
		4258E53EF4F3B3EB6A7A96FB /* _locales in Resources */ = {isa = PBXBuildFile; fileRef = B5B81522FABEA38722F4B7BF /* _locales */; };
		42B08D8BB34FC99CDC1E51D9 /* LanguageBundle.swift in Sources */ = {isa = PBXBuildFile; fileRef = BE5BEE879CB61212F2D3F082 /* LanguageBundle.swift */; };
		471BC3FCB2289A3EF8965C4A /* BackupService.swift in Sources */ = {isa = PBXBuildFile; fileRef = B4F4144B8AE085C797A52208 /* BackupService.swift */; };
		486B470B7CD01D600B46673E /* background.js in Resources */ = {isa = PBXBuildFile; fileRef = 9F1C6061070A3577FA35F5EF /* background.js */; };
		4AEFF7C4E3DA888A630853AA /* Assets.xcassets in Resources */ = {isa = PBXBuildFile; fileRef = 5800150E203500FC40165A3D /* Assets.xcassets */; };
		4C77B47951FD2837B0AC9C8A /* SafariWebExtensionHandler.swift in Sources */ = {isa = PBXBuildFile; fileRef = A4BE22F2B94BE5B640CCDB1E /* SafariWebExtensionHandler.swift */; };
		4D7F6E147E32081A73EC6A13 /* AnalyticsManager.swift in Sources */ = {isa = PBXBuildFile; fileRef = 877F489CC3C5152086D3B088 /* AnalyticsManager.swift */; };
		50B07349BAD8F3A740432E15 /* StateSyncTabView.swift in Sources */ = {isa = PBXBuildFile; fileRef = A871D9385C69C6022679A1A6 /* StateSyncTabView.swift */; };
		551FD8318CB5FED685CB527C /* popup.js in Resources */ = {isa = PBXBuildFile; fileRef = 9057E94AC94248B5CE65CF31 /* popup.js */; };
		5B4D9C6D628F3EFD607E130C /* BookmarkSyncTabView.swift in Sources */ = {isa = PBXBuildFile; fileRef = FD017512DDEC9AE8140DEF5A /* BookmarkSyncTabView.swift */; };
		5D1DACFA24F7BF899ADAD5DD /* TabSharingTabView.swift in Sources */ = {isa = PBXBuildFile; fileRef = 97ACC9858254F5F021C00B89 /* TabSharingTabView.swift */; };
		60A3DD21B1DFD5A712F82F34 /* GeneralView.swift in Sources */ = {isa = PBXBuildFile; fileRef = 8449AE30421FC5A59FC77934 /* GeneralView.swift */; };
		6275CEA83CD26B823FFA51D9 /* chrome-web-store-badge.png in Resources */ = {isa = PBXBuildFile; fileRef = 49E626438C2CF8808FB8CE0B /* chrome-web-store-badge.png */; };
		62B961F37CEAEE28F9B64B54 /* SafariExtensionAppStore.appex in Embed Foundation Extensions */ = {isa = PBXBuildFile; fileRef = 15B3A304B12C6D6F76DFE2B6 /* SafariExtensionAppStore.appex */; settings = {ATTRIBUTES = (RemoveHeadersOnCopy, ); }; };
		6483E01050E3491D679A4C6A /* BookmarkSyncTabView.swift in Sources */ = {isa = PBXBuildFile; fileRef = FD017512DDEC9AE8140DEF5A /* BookmarkSyncTabView.swift */; };
		64D0094D7CDB3FE1EB15BF89 /* manifest.json in Resources */ = {isa = PBXBuildFile; fileRef = E315605267BB5B97A246FF33 /* manifest.json */; };
		6E98480CA5084387287D3919 /* BrowserScanner.swift in Sources */ = {isa = PBXBuildFile; fileRef = 2AF71F0DA64453CD967B49F2 /* BrowserScanner.swift */; };
		700AB5DA444624B2028F8FED /* NotificationService.swift in Sources */ = {isa = PBXBuildFile; fileRef = 3FA75D3B7E887B29E30DDBDE /* NotificationService.swift */; };
		707821BB2B42D121080578F5 /* DaemonServer.swift in Sources */ = {isa = PBXBuildFile; fileRef = 3528BFE980A1D1244B97800E /* DaemonServer.swift */; };
		71E4B05180F86920EA296940 /* ContentView.swift in Sources */ = {isa = PBXBuildFile; fileRef = 2332B7DC4ABFCC9469A81DA4 /* ContentView.swift */; };
		7231B0BFECF9B543092D8DF9 /* _locales in Resources */ = {isa = PBXBuildFile; fileRef = B5B81522FABEA38722F4B7BF /* _locales */; };
		7DE05CB0C0717AE68DF19152 /* InfoPlist.strings in Resources */ = {isa = PBXBuildFile; fileRef = 5385B997A76CEA70148BB576 /* InfoPlist.strings */; };
		843D134034448134FDF38A8B /* AnalyticsManager.swift in Sources */ = {isa = PBXBuildFile; fileRef = 877F489CC3C5152086D3B088 /* AnalyticsManager.swift */; };
		86160EE0970A298AE4D0D465 /* icons in Resources */ = {isa = PBXBuildFile; fileRef = 5DE281CEF76E46A6A199A351 /* icons */; };
		89232C9DCCB327E8228DAE9A /* chrome-web-store-badge.png in Resources */ = {isa = PBXBuildFile; fileRef = 49E626438C2CF8808FB8CE0B /* chrome-web-store-badge.png */; };
		89B2FBA2DA46EBD47142C310 /* NotificationService.swift in Sources */ = {isa = PBXBuildFile; fileRef = 3FA75D3B7E887B29E30DDBDE /* NotificationService.swift */; };
		8A59C788940EE276FEF49438 /* ContentView.swift in Sources */ = {isa = PBXBuildFile; fileRef = 2332B7DC4ABFCC9469A81DA4 /* ContentView.swift */; };
		8DFBC220F863CB4B7D9E8740 /* LanguageBundle.swift in Sources */ = {isa = PBXBuildFile; fileRef = BE5BEE879CB61212F2D3F082 /* LanguageBundle.swift */; };
		90AA9E3F85F8EBE9680C40AC /* Aptabase in Frameworks */ = {isa = PBXBuildFile; productRef = 8F7CD436B796A8A5DD5D5E09 /* Aptabase */; };
		92CF9CBD095891F47E181064 /* AppState.swift in Sources */ = {isa = PBXBuildFile; fileRef = BFF4219B6E285A9B3E623F49 /* AppState.swift */; };
		9A7148BBC58A82A87E8FC6EC /* download-on-app-store-zh.svg in Resources */ = {isa = PBXBuildFile; fileRef = AE14E33E1DC4DFF3B54CA551 /* download-on-app-store-zh.svg */; };
		9F1D0E4D4AF2BA3FA1137D30 /* RouterModels.swift in Sources */ = {isa = PBXBuildFile; fileRef = 005114DBA010E2061038E501 /* RouterModels.swift */; };
		A2237BEECD683C66D5B399AC /* WSMessage.swift in Sources */ = {isa = PBXBuildFile; fileRef = B1108A1B4B7AA8CF05488F9C /* WSMessage.swift */; };
		A283D2829821EEE72D9A6049 /* download-on-app-store-zh.svg in Resources */ = {isa = PBXBuildFile; fileRef = AE14E33E1DC4DFF3B54CA551 /* download-on-app-store-zh.svg */; };
		A2FE9A8C0FC5C40F58163D5C /* WSMessage.swift in Sources */ = {isa = PBXBuildFile; fileRef = B1108A1B4B7AA8CF05488F9C /* WSMessage.swift */; };
		A3575734508D3D0F3326CF47 /* Aptabase in Frameworks */ = {isa = PBXBuildFile; productRef = AE143AD59F66BFD216353310 /* Aptabase */; };
		A4096B01B61185CCB4D29180 /* download-on-app-store-en.svg in Resources */ = {isa = PBXBuildFile; fileRef = C1AF1FEF2387E709571DAA19 /* download-on-app-store-en.svg */; };
		A4E8C83C16645BEA33AE8648 /* DaemonServer.swift in Sources */ = {isa = PBXBuildFile; fileRef = 3528BFE980A1D1244B97800E /* DaemonServer.swift */; };
		A6CC9B5D62478695376AD519 /* SyncView.swift in Sources */ = {isa = PBXBuildFile; fileRef = 82D553C4CA2861D50758366B /* SyncView.swift */; };
		A7205BB2D9125ABE1C4DA63A /* SafariBookmarkService.swift in Sources */ = {isa = PBXBuildFile; fileRef = 3DC990238C2CD5EC343B5DF5 /* SafariBookmarkService.swift */; };
		A7FB0DA069DBCFD6EB733D12 /* SafariExtension.appex in Embed Foundation Extensions */ = {isa = PBXBuildFile; fileRef = F826A3DB0A5214F8A2CB7597 /* SafariExtension.appex */; settings = {ATTRIBUTES = (RemoveHeadersOnCopy, ); }; };
		A8040021DF83B35FF824C029 /* SyncModels.swift in Sources */ = {isa = PBXBuildFile; fileRef = 4A471324A48AEDB45FF4BA73 /* SyncModels.swift */; };
		B2F785D247654F6B9656917F /* SyncView.swift in Sources */ = {isa = PBXBuildFile; fileRef = 82D553C4CA2861D50758366B /* SyncView.swift */; };
		B3CA3D25584BA151347395DA /* Assets.xcassets in Resources */ = {isa = PBXBuildFile; fileRef = 5800150E203500FC40165A3D /* Assets.xcassets */; };
		B5CDD815091ED6E0DF1AC7AF /* icons in Resources */ = {isa = PBXBuildFile; fileRef = 5DE281CEF76E46A6A199A351 /* icons */; };
		B68238D5A7DD94E2C751A4EE /* content.js in Resources */ = {isa = PBXBuildFile; fileRef = C92E6B86E06DBA3FAF458AA8 /* content.js */; };
		B73BEA26F240001A92A704D8 /* SettingsService.swift in Sources */ = {isa = PBXBuildFile; fileRef = 93D2A20D8B97836960D5A19A /* SettingsService.swift */; };
		B80E581E25B0E720A84F2151 /* popup.html in Resources */ = {isa = PBXBuildFile; fileRef = 2D55AFE8190981BCBBAD8141 /* popup.html */; };
		BEAFD6A74C90C3AB6D0A8176 /* BrowSyncApp.swift in Sources */ = {isa = PBXBuildFile; fileRef = C6BFEB07402A67F5BB319D14 /* BrowSyncApp.swift */; };
		BFE57D536478C567B7922537 /* BrowSync-Promo-1280x800.png in Resources */ = {isa = PBXBuildFile; fileRef = C4B27D5A9D28D813C2D50EC6 /* BrowSync-Promo-1280x800.png */; };
		C201C81EC56982F0C635B7D1 /* AppConfig.swift in Sources */ = {isa = PBXBuildFile; fileRef = 91206874B5D1B45C9D05A911 /* AppConfig.swift */; };
		C30EE96DFF76B037BDEF411A /* AppState.swift in Sources */ = {isa = PBXBuildFile; fileRef = BFF4219B6E285A9B3E623F49 /* AppState.swift */; };
		C620B3A62FF7AB3500A405C7 /* StoreKit.framework in Frameworks */ = {isa = PBXBuildFile; fileRef = C620B3A52FF7AB3500A405C7 /* StoreKit.framework */; };
		C7046B24359CF5FB86A8E512 /* Browser.swift in Sources */ = {isa = PBXBuildFile; fileRef = C137716E2FEA5232D824F358 /* Browser.swift */; };
		CBCEAC4D22958D09E0E94828 /* Localizable.strings in Resources */ = {isa = PBXBuildFile; fileRef = 2F278BFDA3B2DF653CD4E4A2 /* Localizable.strings */; };
		CD7AEA663AEB1076953EE55C /* manifest.json in Resources */ = {isa = PBXBuildFile; fileRef = E315605267BB5B97A246FF33 /* manifest.json */; };
		CF2F2CF7440740C3597CD43D /* PurchaseService.swift in Sources */ = {isa = PBXBuildFile; fileRef = 1B566A48A5DE6CA3BE9EDE03 /* PurchaseService.swift */; };
		D3DF97242134DAD60339ADA3 /* ProTabView.swift in Sources */ = {isa = PBXBuildFile; fileRef = 1D809DBD34AA9B22059033C6 /* ProTabView.swift */; };
		D4BC03033AA7016DF316BA2B /* ProTabView.swift in Sources */ = {isa = PBXBuildFile; fileRef = 1D809DBD34AA9B22059033C6 /* ProTabView.swift */; };
		DF53807D9D68A6FB20610F1B /* popup.js in Resources */ = {isa = PBXBuildFile; fileRef = 9057E94AC94248B5CE65CF31 /* popup.js */; };
		E1CD59F47876A3FB53D94328 /* SyncModels.swift in Sources */ = {isa = PBXBuildFile; fileRef = 4A471324A48AEDB45FF4BA73 /* SyncModels.swift */; };
		F136DCF3DE2C0E19DC8A7743 /* SyncService.swift in Sources */ = {isa = PBXBuildFile; fileRef = 5E94CB565A48E6F14B1C0821 /* SyncService.swift */; };
		F18EAA6DAF0C0B0A4358E3FB /* TabSharingTabView.swift in Sources */ = {isa = PBXBuildFile; fileRef = 97ACC9858254F5F021C00B89 /* TabSharingTabView.swift */; };
		F2E4FA4F49AED8BC5CAB16AC /* PurchaseService.swift in Sources */ = {isa = PBXBuildFile; fileRef = 1B566A48A5DE6CA3BE9EDE03 /* PurchaseService.swift */; };
		F2EB1E0274B9ADAF8C9B9620 /* BrowSyncApp.swift in Sources */ = {isa = PBXBuildFile; fileRef = C6BFEB07402A67F5BB319D14 /* BrowSyncApp.swift */; };
		F305BEDD3C3CF4EAB82BB3BA /* BrowsersTabView.swift in Sources */ = {isa = PBXBuildFile; fileRef = 46F4DE424609A3662449C730 /* BrowsersTabView.swift */; };
		F7042BF2C7EA6202AE1EADD0 /* SettingsService.swift in Sources */ = {isa = PBXBuildFile; fileRef = 93D2A20D8B97836960D5A19A /* SettingsService.swift */; };
		F737B628ED37A3128BAF8DB5 /* BrowsersTabView.swift in Sources */ = {isa = PBXBuildFile; fileRef = 46F4DE424609A3662449C730 /* BrowsersTabView.swift */; };
		FB91C370565770AA0AC9AA0A /* background.js in Resources */ = {isa = PBXBuildFile; fileRef = 9F1C6061070A3577FA35F5EF /* background.js */; };
		FBA2BBA70C6B7C1FCC3F5312 /* RouterTabView.swift in Sources */ = {isa = PBXBuildFile; fileRef = 10F52E8BB62D4BA5E32CD492 /* RouterTabView.swift */; };
		FF2C4FE56E23B34872FBCDAF /* AppConfig.swift in Sources */ = {isa = PBXBuildFile; fileRef = 91206874B5D1B45C9D05A911 /* AppConfig.swift */; };
/* End PBXBuildFile section */

/* Begin PBXContainerItemProxy section */
		0915DB7832E3040E78B88FDA /* PBXContainerItemProxy */ = {
			isa = PBXContainerItemProxy;
			containerPortal = 93345561A22B956F3578F1B9 /* Project object */;
			proxyType = 1;
			remoteGlobalIDString = 968EC202F2BA87A207E0429D;
			remoteInfo = SafariExtensionAppStore;
		};
		1734361D4CC184F5A34AF08C /* PBXContainerItemProxy */ = {
			isa = PBXContainerItemProxy;
			containerPortal = 93345561A22B956F3578F1B9 /* Project object */;
			proxyType = 1;
			remoteGlobalIDString = 582D4DCD3229B4A76BADC89F;
			remoteInfo = SafariExtension;
		};
/* End PBXContainerItemProxy section */

/* Begin PBXCopyFilesBuildPhase section */
		DCC0ADA5E7ACAECD28B819F9 /* Embed Foundation Extensions */ = {
			isa = PBXCopyFilesBuildPhase;
			buildActionMask = 2147483647;
			dstPath = "";
			dstSubfolderSpec = 13;
			files = (
				A7FB0DA069DBCFD6EB733D12 /* SafariExtension.appex in Embed Foundation Extensions */,
			);
			name = "Embed Foundation Extensions";
			runOnlyForDeploymentPostprocessing = 0;
		};
		EE3EB8DA663A28CAC79186FB /* Embed Foundation Extensions */ = {
			isa = PBXCopyFilesBuildPhase;
			buildActionMask = 2147483647;
			dstPath = "";
			dstSubfolderSpec = 13;
			files = (
				62B961F37CEAEE28F9B64B54 /* SafariExtensionAppStore.appex in Embed Foundation Extensions */,
			);
			name = "Embed Foundation Extensions";
			runOnlyForDeploymentPostprocessing = 0;
		};
/* End PBXCopyFilesBuildPhase section */

/* Begin PBXFileReference section */
		005114DBA010E2061038E501 /* RouterModels.swift */ = {isa = PBXFileReference; lastKnownFileType = sourcecode.swift; path = RouterModels.swift; sourceTree = "<group>"; };
		01878D8F3BC20991BBF106DD /* fr */ = {isa = PBXFileReference; lastKnownFileType = text.plist.strings; name = fr; path = fr.lproj/Localizable.strings; sourceTree = "<group>"; };
		10F52E8BB62D4BA5E32CD492 /* RouterTabView.swift */ = {isa = PBXFileReference; lastKnownFileType = sourcecode.swift; path = RouterTabView.swift; sourceTree = "<group>"; };
		11E0FCE05A6FAB3580A7C607 /* zh-Hans */ = {isa = PBXFileReference; lastKnownFileType = text.plist.strings; name = "zh-Hans"; path = "zh-Hans.lproj/Localizable.strings"; sourceTree = "<group>"; };
		135917D41EF6D52AAB8D0A18 /* BrowSync.app */ = {isa = PBXFileReference; explicitFileType = wrapper.application; includeInIndex = 0; path = BrowSync.app; sourceTree = BUILT_PRODUCTS_DIR; };
		15B3A304B12C6D6F76DFE2B6 /* SafariExtensionAppStore.appex */ = {isa = PBXFileReference; explicitFileType = "wrapper.app-extension"; includeInIndex = 0; path = SafariExtensionAppStore.appex; sourceTree = BUILT_PRODUCTS_DIR; };
		1B566A48A5DE6CA3BE9EDE03 /* PurchaseService.swift */ = {isa = PBXFileReference; lastKnownFileType = sourcecode.swift; path = PurchaseService.swift; sourceTree = "<group>"; };
		1D809DBD34AA9B22059033C6 /* ProTabView.swift */ = {isa = PBXFileReference; lastKnownFileType = sourcecode.swift; path = ProTabView.swift; sourceTree = "<group>"; };
		2332B7DC4ABFCC9469A81DA4 /* ContentView.swift */ = {isa = PBXFileReference; lastKnownFileType = sourcecode.swift; path = ContentView.swift; sourceTree = "<group>"; };
		2A1DD27FFC2EB5AD2E32B10B /* de */ = {isa = PBXFileReference; lastKnownFileType = text.plist.strings; name = de; path = de.lproj/Localizable.strings; sourceTree = "<group>"; };
		2AF71F0DA64453CD967B49F2 /* BrowserScanner.swift */ = {isa = PBXFileReference; lastKnownFileType = sourcecode.swift; path = BrowserScanner.swift; sourceTree = "<group>"; };
		2D55AFE8190981BCBBAD8141 /* popup.html */ = {isa = PBXFileReference; lastKnownFileType = text.html; path = popup.html; sourceTree = "<group>"; };
		3528BFE980A1D1244B97800E /* DaemonServer.swift */ = {isa = PBXFileReference; lastKnownFileType = sourcecode.swift; path = DaemonServer.swift; sourceTree = "<group>"; };
		3DC990238C2CD5EC343B5DF5 /* SafariBookmarkService.swift */ = {isa = PBXFileReference; lastKnownFileType = sourcecode.swift; path = SafariBookmarkService.swift; sourceTree = "<group>"; };
		3FA75D3B7E887B29E30DDBDE /* NotificationService.swift */ = {isa = PBXFileReference; lastKnownFileType = sourcecode.swift; path = NotificationService.swift; sourceTree = "<group>"; };
		4420759D96B938F92F687F8A /* it */ = {isa = PBXFileReference; lastKnownFileType = text.plist.strings; name = it; path = it.lproj/Localizable.strings; sourceTree = "<group>"; };
		46F4DE424609A3662449C730 /* BrowsersTabView.swift */ = {isa = PBXFileReference; lastKnownFileType = sourcecode.swift; path = BrowsersTabView.swift; sourceTree = "<group>"; };
		49E626438C2CF8808FB8CE0B /* chrome-web-store-badge.png */ = {isa = PBXFileReference; lastKnownFileType = image.png; path = "chrome-web-store-badge.png"; sourceTree = "<group>"; };
		4A471324A48AEDB45FF4BA73 /* SyncModels.swift */ = {isa = PBXFileReference; lastKnownFileType = sourcecode.swift; path = SyncModels.swift; sourceTree = "<group>"; };
		500DD7EB4DC5567A03D6014D /* en */ = {isa = PBXFileReference; lastKnownFileType = text.plist.strings; name = en; path = en.lproj/InfoPlist.strings; sourceTree = "<group>"; };
		5800150E203500FC40165A3D /* Assets.xcassets */ = {isa = PBXFileReference; lastKnownFileType = folder.assetcatalog; path = Assets.xcassets; sourceTree = "<group>"; };
		5DE281CEF76E46A6A199A351 /* icons */ = {isa = PBXFileReference; lastKnownFileType = folder; name = icons; path = SafariExtension/Resources/icons; sourceTree = SOURCE_ROOT; };
		5E94CB565A48E6F14B1C0821 /* SyncService.swift */ = {isa = PBXFileReference; lastKnownFileType = sourcecode.swift; path = SyncService.swift; sourceTree = "<group>"; };
		705139BD1CAEFD064FC5E472 /* BrowSync.app */ = {isa = PBXFileReference; explicitFileType = wrapper.application; includeInIndex = 0; path = BrowSync.app; sourceTree = BUILT_PRODUCTS_DIR; };
		780E0CD4A6E3352284F4F212 /* ja */ = {isa = PBXFileReference; lastKnownFileType = text.plist.strings; name = ja; path = ja.lproj/Localizable.strings; sourceTree = "<group>"; };
		82D553C4CA2861D50758366B /* SyncView.swift */ = {isa = PBXFileReference; lastKnownFileType = sourcecode.swift; path = SyncView.swift; sourceTree = "<group>"; };
		8449AE30421FC5A59FC77934 /* GeneralView.swift */ = {isa = PBXFileReference; lastKnownFileType = sourcecode.swift; path = GeneralView.swift; sourceTree = "<group>"; };
		877F489CC3C5152086D3B088 /* AnalyticsManager.swift */ = {isa = PBXFileReference; lastKnownFileType = sourcecode.swift; path = AnalyticsManager.swift; sourceTree = "<group>"; };
		9057E94AC94248B5CE65CF31 /* popup.js */ = {isa = PBXFileReference; lastKnownFileType = sourcecode.javascript; path = popup.js; sourceTree = "<group>"; };
		91206874B5D1B45C9D05A911 /* AppConfig.swift */ = {isa = PBXFileReference; lastKnownFileType = sourcecode.swift; path = AppConfig.swift; sourceTree = "<group>"; };
		93D2A20D8B97836960D5A19A /* SettingsService.swift */ = {isa = PBXFileReference; lastKnownFileType = sourcecode.swift; path = SettingsService.swift; sourceTree = "<group>"; };
		941D195193674655AB6224B9 /* es */ = {isa = PBXFileReference; lastKnownFileType = text.plist.strings; name = es; path = es.lproj/Localizable.strings; sourceTree = "<group>"; };
		97ACC9858254F5F021C00B89 /* TabSharingTabView.swift */ = {isa = PBXFileReference; lastKnownFileType = sourcecode.swift; path = TabSharingTabView.swift; sourceTree = "<group>"; };
		9F1C6061070A3577FA35F5EF /* background.js */ = {isa = PBXFileReference; lastKnownFileType = sourcecode.javascript; path = background.js; sourceTree = "<group>"; };
		A4BE22F2B94BE5B640CCDB1E /* SafariWebExtensionHandler.swift */ = {isa = PBXFileReference; lastKnownFileType = sourcecode.swift; path = SafariWebExtensionHandler.swift; sourceTree = "<group>"; };
		A871D9385C69C6022679A1A6 /* StateSyncTabView.swift */ = {isa = PBXFileReference; lastKnownFileType = sourcecode.swift; path = StateSyncTabView.swift; sourceTree = "<group>"; };
		AE14E33E1DC4DFF3B54CA551 /* download-on-app-store-zh.svg */ = {isa = PBXFileReference; lastKnownFileType = text; path = "download-on-app-store-zh.svg"; sourceTree = "<group>"; };
		AFA7ED2885F5600F25B63D2D /* zh-Hans */ = {isa = PBXFileReference; lastKnownFileType = text.plist.strings; name = "zh-Hans"; path = "zh-Hans.lproj/InfoPlist.strings"; sourceTree = "<group>"; };
		B1108A1B4B7AA8CF05488F9C /* WSMessage.swift */ = {isa = PBXFileReference; lastKnownFileType = sourcecode.swift; path = WSMessage.swift; sourceTree = "<group>"; };
		B4F4144B8AE085C797A52208 /* BackupService.swift */ = {isa = PBXFileReference; lastKnownFileType = sourcecode.swift; path = BackupService.swift; sourceTree = "<group>"; };
		B56E2AFB07CC6CA3A5582028 /* RuleEditorView.swift */ = {isa = PBXFileReference; lastKnownFileType = sourcecode.swift; path = RuleEditorView.swift; sourceTree = "<group>"; };
		B5B81522FABEA38722F4B7BF /* _locales */ = {isa = PBXFileReference; lastKnownFileType = folder; name = _locales; path = SafariExtension/Resources/_locales; sourceTree = SOURCE_ROOT; };
		BE5BEE879CB61212F2D3F082 /* LanguageBundle.swift */ = {isa = PBXFileReference; lastKnownFileType = sourcecode.swift; path = LanguageBundle.swift; sourceTree = "<group>"; };
		BFF4219B6E285A9B3E623F49 /* AppState.swift */ = {isa = PBXFileReference; lastKnownFileType = sourcecode.swift; path = AppState.swift; sourceTree = "<group>"; };
		C137716E2FEA5232D824F358 /* Browser.swift */ = {isa = PBXFileReference; lastKnownFileType = sourcecode.swift; path = Browser.swift; sourceTree = "<group>"; };
		C1AF1FEF2387E709571DAA19 /* download-on-app-store-en.svg */ = {isa = PBXFileReference; lastKnownFileType = text; path = "download-on-app-store-en.svg"; sourceTree = "<group>"; };
		C4B27D5A9D28D813C2D50EC6 /* BrowSync-Promo-1280x800.png */ = {isa = PBXFileReference; lastKnownFileType = image.png; path = "BrowSync-Promo-1280x800.png"; sourceTree = "<group>"; };
		C620B3A52FF7AB3500A405C7 /* StoreKit.framework */ = {isa = PBXFileReference; lastKnownFileType = wrapper.framework; name = StoreKit.framework; path = System/Library/Frameworks/StoreKit.framework; sourceTree = SDKROOT; };
		C6BFEB07402A67F5BB319D14 /* BrowSyncApp.swift */ = {isa = PBXFileReference; lastKnownFileType = sourcecode.swift; path = BrowSyncApp.swift; sourceTree = "<group>"; };
		C92E6B86E06DBA3FAF458AA8 /* content.js */ = {isa = PBXFileReference; lastKnownFileType = sourcecode.javascript; path = content.js; sourceTree = "<group>"; };
		E2B2655588572D19F7C9C320 /* ko */ = {isa = PBXFileReference; lastKnownFileType = text.plist.strings; name = ko; path = ko.lproj/Localizable.strings; sourceTree = "<group>"; };
		E315605267BB5B97A246FF33 /* manifest.json */ = {isa = PBXFileReference; lastKnownFileType = text.json; path = manifest.json; sourceTree = "<group>"; };
		EBE3A33AF5716E66F9B37B38 /* en */ = {isa = PBXFileReference; lastKnownFileType = text.plist.strings; name = en; path = en.lproj/Localizable.strings; sourceTree = "<group>"; };
		F826A3DB0A5214F8A2CB7597 /* SafariExtension.appex */ = {isa = PBXFileReference; explicitFileType = "wrapper.app-extension"; includeInIndex = 0; path = SafariExtension.appex; sourceTree = BUILT_PRODUCTS_DIR; };
		FD017512DDEC9AE8140DEF5A /* BookmarkSyncTabView.swift */ = {isa = PBXFileReference; lastKnownFileType = sourcecode.swift; path = BookmarkSyncTabView.swift; sourceTree = "<group>"; };
/* End PBXFileReference section */

/* Begin PBXFrameworksBuildPhase section */
		33AA3CC0B1C961B6F2AA067C /* Frameworks */ = {
			isa = PBXFrameworksBuildPhase;
			buildActionMask = 2147483647;
			files = (
				3CA927BE680755151AFD2D5C /* Sparkle in Frameworks */,
				A3575734508D3D0F3326CF47 /* Aptabase in Frameworks */,
			);
			runOnlyForDeploymentPostprocessing = 0;
		};
		6D4081846681B29113D4E227 /* Frameworks */ = {
			isa = PBXFrameworksBuildPhase;
			buildActionMask = 2147483647;
			files = (
				90AA9E3F85F8EBE9680C40AC /* Aptabase in Frameworks */,
				C620B3A62FF7AB3500A405C7 /* StoreKit.framework in Frameworks */,
			);
			runOnlyForDeploymentPostprocessing = 0;
		};
/* End PBXFrameworksBuildPhase section */

/* Begin PBXGroup section */
		2D7420E5C590710BF437D49C /* Marketing */ = {
			isa = PBXGroup;
			children = (
				C4B27D5A9D28D813C2D50EC6 /* BrowSync-Promo-1280x800.png */,
				49E626438C2CF8808FB8CE0B /* chrome-web-store-badge.png */,
				C1AF1FEF2387E709571DAA19 /* download-on-app-store-en.svg */,
				AE14E33E1DC4DFF3B54CA551 /* download-on-app-store-zh.svg */,
			);
			path = Marketing;
			sourceTree = "<group>";
		};
		4D9786C7E57F68A263CB969A /* SafariExtension */ = {
			isa = PBXGroup;
			children = (
				A4BE22F2B94BE5B640CCDB1E /* SafariWebExtensionHandler.swift */,
			);
			path = SafariExtension;
			sourceTree = "<group>";
		};
		56D52BA27A38815657A008A1 /* Resources */ = {
			isa = PBXGroup;
			children = (
				9F1C6061070A3577FA35F5EF /* background.js */,
				C92E6B86E06DBA3FAF458AA8 /* content.js */,
				E315605267BB5B97A246FF33 /* manifest.json */,
				2D55AFE8190981BCBBAD8141 /* popup.html */,
				9057E94AC94248B5CE65CF31 /* popup.js */,
			);
			name = Resources;
			path = SafariExtension/Resources;
			sourceTree = "<group>";
		};
		6053B83B2012D9E2B225A389 /* Models */ = {
			isa = PBXGroup;
			children = (
				C137716E2FEA5232D824F358 /* Browser.swift */,
				005114DBA010E2061038E501 /* RouterModels.swift */,
				4A471324A48AEDB45FF4BA73 /* SyncModels.swift */,
				B1108A1B4B7AA8CF05488F9C /* WSMessage.swift */,
			);
			path = Models;
			sourceTree = "<group>";
		};
		69692C5A894ED52E721AAC13 /* Resources */ = {
			isa = PBXGroup;
			children = (
				5800150E203500FC40165A3D /* Assets.xcassets */,
				5385B997A76CEA70148BB576 /* InfoPlist.strings */,
				2F278BFDA3B2DF653CD4E4A2 /* Localizable.strings */,
				2D7420E5C590710BF437D49C /* Marketing */,
			);
			path = Resources;
			sourceTree = "<group>";
		};
		6AE3195C9D56F2B984A7F464 /* BrowSync */ = {
			isa = PBXGroup;
			children = (
				DB26BB21488C047DC21AE886 /* App */,
				8B013067BD238EB8066F3C7C /* Core */,
				6053B83B2012D9E2B225A389 /* Models */,
				69692C5A894ED52E721AAC13 /* Resources */,
				F54EF8D3DC5874F7F31DF43E /* Services */,
				9ADD3A89D1F10C2B76F4B754 /* Views */,
			);
			path = BrowSync;
			sourceTree = "<group>";
		};
		8B013067BD238EB8066F3C7C /* Core */ = {
			isa = PBXGroup;
			children = (
				91206874B5D1B45C9D05A911 /* AppConfig.swift */,
				2AF71F0DA64453CD967B49F2 /* BrowserScanner.swift */,
				3528BFE980A1D1244B97800E /* DaemonServer.swift */,
			);
			path = Core;
			sourceTree = "<group>";
		};
		9913E770E0229C8BBD6B0801 /* General */ = {
			isa = PBXGroup;
			children = (
				8449AE30421FC5A59FC77934 /* GeneralView.swift */,
			);
			path = General;
			sourceTree = "<group>";
		};
		9ADD3A89D1F10C2B76F4B754 /* Views */ = {
			isa = PBXGroup;
			children = (
				FD017512DDEC9AE8140DEF5A /* BookmarkSyncTabView.swift */,
				46F4DE424609A3662449C730 /* BrowsersTabView.swift */,
				2332B7DC4ABFCC9469A81DA4 /* ContentView.swift */,
				1D809DBD34AA9B22059033C6 /* ProTabView.swift */,
				10F52E8BB62D4BA5E32CD492 /* RouterTabView.swift */,
				B56E2AFB07CC6CA3A5582028 /* RuleEditorView.swift */,
				A871D9385C69C6022679A1A6 /* StateSyncTabView.swift */,
				97ACC9858254F5F021C00B89 /* TabSharingTabView.swift */,
				9913E770E0229C8BBD6B0801 /* General */,
				B06AED21A0807AB944B12FCA /* Sync */,
			);
			path = Views;
			sourceTree = "<group>";
		};
		B06AED21A0807AB944B12FCA /* Sync */ = {
			isa = PBXGroup;
			children = (
				82D553C4CA2861D50758366B /* SyncView.swift */,
			);
			path = Sync;
			sourceTree = "<group>";
		};
		C620B3A42FF7AB3500A405C7 /* Frameworks */ = {
			isa = PBXGroup;
			children = (
				C620B3A52FF7AB3500A405C7 /* StoreKit.framework */,
			);
			name = Frameworks;
			sourceTree = "<group>";
		};
		CDFD277E2BFDC5553C9BE04F = {
			isa = PBXGroup;
			children = (
				B5B81522FABEA38722F4B7BF /* _locales */,
				5DE281CEF76E46A6A199A351 /* icons */,
				6AE3195C9D56F2B984A7F464 /* BrowSync */,
				56D52BA27A38815657A008A1 /* Resources */,
				4D9786C7E57F68A263CB969A /* SafariExtension */,
				C620B3A42FF7AB3500A405C7 /* Frameworks */,
				E245A1B0EFBD21BA2E413CF5 /* Products */,
			);
			sourceTree = "<group>";
		};
		DB26BB21488C047DC21AE886 /* App */ = {
			isa = PBXGroup;
			children = (
				BFF4219B6E285A9B3E623F49 /* AppState.swift */,
				C6BFEB07402A67F5BB319D14 /* BrowSyncApp.swift */,
			);
			path = App;
			sourceTree = "<group>";
		};
		E245A1B0EFBD21BA2E413CF5 /* Products */ = {
			isa = PBXGroup;
			children = (
				705139BD1CAEFD064FC5E472 /* BrowSync.app */,
				135917D41EF6D52AAB8D0A18 /* BrowSync.app */,
				F826A3DB0A5214F8A2CB7597 /* SafariExtension.appex */,
				15B3A304B12C6D6F76DFE2B6 /* SafariExtensionAppStore.appex */,
			);
			name = Products;
			sourceTree = "<group>";
		};
		F54EF8D3DC5874F7F31DF43E /* Services */ = {
			isa = PBXGroup;
			children = (
				877F489CC3C5152086D3B088 /* AnalyticsManager.swift */,
				B4F4144B8AE085C797A52208 /* BackupService.swift */,
				BE5BEE879CB61212F2D3F082 /* LanguageBundle.swift */,
				3FA75D3B7E887B29E30DDBDE /* NotificationService.swift */,
				1B566A48A5DE6CA3BE9EDE03 /* PurchaseService.swift */,
				3DC990238C2CD5EC343B5DF5 /* SafariBookmarkService.swift */,
				93D2A20D8B97836960D5A19A /* SettingsService.swift */,
				5E94CB565A48E6F14B1C0821 /* SyncService.swift */,
			);
			path = Services;
			sourceTree = "<group>";
		};
/* End PBXGroup section */

/* Begin PBXNativeTarget section */
		582D4DCD3229B4A76BADC89F /* SafariExtension */ = {
			isa = PBXNativeTarget;
			buildConfigurationList = 6433269975F3F2B8641D0C77 /* Build configuration list for PBXNativeTarget "SafariExtension" */;
			buildPhases = (
				98C182E322B99118CCAEA825 /* Sources */,
				A1A4296D4E2F351BCF22956D /* Resources */,
			);
			buildRules = (
			);
			dependencies = (
			);
			name = SafariExtension;
			packageProductDependencies = (
			);
			productName = SafariExtension;
			productReference = F826A3DB0A5214F8A2CB7597 /* SafariExtension.appex */;
			productType = "com.apple.product-type.app-extension";
		};
		6EF9DB974DAC731A2D62CDD4 /* BrowSyncAppStore */ = {
			isa = PBXNativeTarget;
			buildConfigurationList = C0AA2E7E6B657C636A60B4AE /* Build configuration list for PBXNativeTarget "BrowSyncAppStore" */;
			buildPhases = (
				6EC00820E04C80BB80F0283F /* Sources */,
				6920D744931E92629F749F55 /* Resources */,
				6D4081846681B29113D4E227 /* Frameworks */,
				EE3EB8DA663A28CAC79186FB /* Embed Foundation Extensions */,
			);
			buildRules = (
			);
			dependencies = (
				0BD69BC995BFD0F63772F0E5 /* PBXTargetDependency */,
			);
			name = BrowSyncAppStore;
			packageProductDependencies = (
				8F7CD436B796A8A5DD5D5E09 /* Aptabase */,
			);
			productName = BrowSyncAppStore;
			productReference = 135917D41EF6D52AAB8D0A18 /* BrowSync.app */;
			productType = "com.apple.product-type.application";
		};
		968EC202F2BA87A207E0429D /* SafariExtensionAppStore */ = {
			isa = PBXNativeTarget;
			buildConfigurationList = 330E79B7C9739FF9F0169AD0 /* Build configuration list for PBXNativeTarget "SafariExtensionAppStore" */;
			buildPhases = (
				D78E41BD89B1B849D3D2604A /* Sources */,
				D8370BEA0EEE5E0EF85B40CA /* Resources */,
			);
			buildRules = (
			);
			dependencies = (
			);
			name = SafariExtensionAppStore;
			packageProductDependencies = (
			);
			productName = SafariExtensionAppStore;
			productReference = 15B3A304B12C6D6F76DFE2B6 /* SafariExtensionAppStore.appex */;
			productType = "com.apple.product-type.app-extension";
		};
		C7D705FD03E582897EBBFCA9 /* BrowSync */ = {
			isa = PBXNativeTarget;
			buildConfigurationList = 25B9F0727B6A8D53BD9DD5E2 /* Build configuration list for PBXNativeTarget "BrowSync" */;
			buildPhases = (
				06F117E61C86457BAC80A302 /* Sources */,
				EEFB8FA7163DD6286B593D6D /* Resources */,
				33AA3CC0B1C961B6F2AA067C /* Frameworks */,
				DCC0ADA5E7ACAECD28B819F9 /* Embed Foundation Extensions */,
			);
			buildRules = (
			);
			dependencies = (
				81C9007E3073EA47680CE823 /* PBXTargetDependency */,
			);
			name = BrowSync;
			packageProductDependencies = (
				B6D44F4007EDC4B1F445B0CA /* Sparkle */,
				AE143AD59F66BFD216353310 /* Aptabase */,
			);
			productName = BrowSync;
			productReference = 705139BD1CAEFD064FC5E472 /* BrowSync.app */;
			productType = "com.apple.product-type.application";
		};
/* End PBXNativeTarget section */

/* Begin PBXProject section */
		93345561A22B956F3578F1B9 /* Project object */ = {
			isa = PBXProject;
			attributes = {
				BuildIndependentTargetsInParallel = YES;
				LastUpgradeCheck = 1500;
				TargetAttributes = {
					582D4DCD3229B4A76BADC89F = {
						DevelopmentTeam = U2NEAJ73J2;
						ProvisioningStyle = Automatic;
					};
					6EF9DB974DAC731A2D62CDD4 = {
						DevelopmentTeam = U2NEAJ73J2;
						ProvisioningStyle = Automatic;
					};
					968EC202F2BA87A207E0429D = {
						DevelopmentTeam = U2NEAJ73J2;
						ProvisioningStyle = Automatic;
					};
					C7D705FD03E582897EBBFCA9 = {
						DevelopmentTeam = U2NEAJ73J2;
						ProvisioningStyle = Automatic;
					};
				};
			};
			buildConfigurationList = 5026419C8DEFB74C6E71F0B0 /* Build configuration list for PBXProject "BrowSync" */;
			developmentRegion = en;
			hasScannedForEncodings = 0;
			knownRegions = (
				Base,
				de,
				en,
				es,
				fr,
				it,
				ja,
				ko,
				"zh-Hans",
			);
			mainGroup = CDFD277E2BFDC5553C9BE04F;
			minimizedProjectReferenceProxies = 1;
			packageReferences = (
				5DDB7C56C7A888AFF5D86ACD /* XCRemoteSwiftPackageReference "aptabase-swift" */,
				C3156D4C68323EEA4C24D3E9 /* XCRemoteSwiftPackageReference "Sparkle" */,
			);
			preferredProjectObjectVersion = 77;
			productRefGroup = E245A1B0EFBD21BA2E413CF5 /* Products */;
			projectDirPath = "";
			projectRoot = "";
			targets = (
				C7D705FD03E582897EBBFCA9 /* BrowSync */,
				6EF9DB974DAC731A2D62CDD4 /* BrowSyncAppStore */,
				582D4DCD3229B4A76BADC89F /* SafariExtension */,
				968EC202F2BA87A207E0429D /* SafariExtensionAppStore */,
			);
		};
/* End PBXProject section */

/* Begin PBXResourcesBuildPhase section */
		6920D744931E92629F749F55 /* Resources */ = {
			isa = PBXResourcesBuildPhase;
			buildActionMask = 2147483647;
			files = (
				4AEFF7C4E3DA888A630853AA /* Assets.xcassets in Resources */,
				388A049850B7932FC450C04D /* BrowSync-Promo-1280x800.png in Resources */,
				1E4AB9EFC1355B9B65F0D1C3 /* InfoPlist.strings in Resources */,
				CBCEAC4D22958D09E0E94828 /* Localizable.strings in Resources */,
				89232C9DCCB327E8228DAE9A /* chrome-web-store-badge.png in Resources */,
				A4096B01B61185CCB4D29180 /* download-on-app-store-en.svg in Resources */,
				9A7148BBC58A82A87E8FC6EC /* download-on-app-store-zh.svg in Resources */,
			);
			runOnlyForDeploymentPostprocessing = 0;
		};
		A1A4296D4E2F351BCF22956D /* Resources */ = {
			isa = PBXResourcesBuildPhase;
			buildActionMask = 2147483647;
			files = (
				4258E53EF4F3B3EB6A7A96FB /* _locales in Resources */,
				FB91C370565770AA0AC9AA0A /* background.js in Resources */,
				B68238D5A7DD94E2C751A4EE /* content.js in Resources */,
				86160EE0970A298AE4D0D465 /* icons in Resources */,
				CD7AEA663AEB1076953EE55C /* manifest.json in Resources */,
				3EE510682D312645C14ED24B /* popup.html in Resources */,
				DF53807D9D68A6FB20610F1B /* popup.js in Resources */,
			);
			runOnlyForDeploymentPostprocessing = 0;
		};
		D8370BEA0EEE5E0EF85B40CA /* Resources */ = {
			isa = PBXResourcesBuildPhase;
			buildActionMask = 2147483647;
			files = (
				7231B0BFECF9B543092D8DF9 /* _locales in Resources */,
				486B470B7CD01D600B46673E /* background.js in Resources */,
				091C23D15A0618E4C9D93470 /* content.js in Resources */,
				B5CDD815091ED6E0DF1AC7AF /* icons in Resources */,
				64D0094D7CDB3FE1EB15BF89 /* manifest.json in Resources */,
				B80E581E25B0E720A84F2151 /* popup.html in Resources */,
				551FD8318CB5FED685CB527C /* popup.js in Resources */,
			);
			runOnlyForDeploymentPostprocessing = 0;
		};
		EEFB8FA7163DD6286B593D6D /* Resources */ = {
			isa = PBXResourcesBuildPhase;
			buildActionMask = 2147483647;
			files = (
				B3CA3D25584BA151347395DA /* Assets.xcassets in Resources */,
				BFE57D536478C567B7922537 /* BrowSync-Promo-1280x800.png in Resources */,
				7DE05CB0C0717AE68DF19152 /* InfoPlist.strings in Resources */,
				0A63D7EDCF55B55E811CB8EE /* Localizable.strings in Resources */,
				6275CEA83CD26B823FFA51D9 /* chrome-web-store-badge.png in Resources */,
				10E9805314E7BF727FB2C9C4 /* download-on-app-store-en.svg in Resources */,
				A283D2829821EEE72D9A6049 /* download-on-app-store-zh.svg in Resources */,
			);
			runOnlyForDeploymentPostprocessing = 0;
		};
/* End PBXResourcesBuildPhase section */

/* Begin PBXSourcesBuildPhase section */
		06F117E61C86457BAC80A302 /* Sources */ = {
			isa = PBXSourcesBuildPhase;
			buildActionMask = 2147483647;
			files = (
				843D134034448134FDF38A8B /* AnalyticsManager.swift in Sources */,
				FF2C4FE56E23B34872FBCDAF /* AppConfig.swift in Sources */,
				C30EE96DFF76B037BDEF411A /* AppState.swift in Sources */,
				13C5A394060BB3FAA4E0F25B /* BackupService.swift in Sources */,
				6483E01050E3491D679A4C6A /* BookmarkSyncTabView.swift in Sources */,
				F2EB1E0274B9ADAF8C9B9620 /* BrowSyncApp.swift in Sources */,
				C7046B24359CF5FB86A8E512 /* Browser.swift in Sources */,
				33196311642EEF796051FA58 /* BrowserScanner.swift in Sources */,
				F305BEDD3C3CF4EAB82BB3BA /* BrowsersTabView.swift in Sources */,
				8A59C788940EE276FEF49438 /* ContentView.swift in Sources */,
				707821BB2B42D121080578F5 /* DaemonServer.swift in Sources */,
				1150700A20301EFB81B57837 /* GeneralView.swift in Sources */,
				8DFBC220F863CB4B7D9E8740 /* LanguageBundle.swift in Sources */,
				89B2FBA2DA46EBD47142C310 /* NotificationService.swift in Sources */,
				D3DF97242134DAD60339ADA3 /* ProTabView.swift in Sources */,
				CF2F2CF7440740C3597CD43D /* PurchaseService.swift in Sources */,
				32705BB7B9B3DD1FAC405E50 /* RouterModels.swift in Sources */,
				09C7E842D5114B27B18A86DB /* RouterTabView.swift in Sources */,
				0F5CB5937AE876460E91A93C /* RuleEditorView.swift in Sources */,
				3A13FFD185F493D6D340336C /* SafariBookmarkService.swift in Sources */,
				B73BEA26F240001A92A704D8 /* SettingsService.swift in Sources */,
				50B07349BAD8F3A740432E15 /* StateSyncTabView.swift in Sources */,
				E1CD59F47876A3FB53D94328 /* SyncModels.swift in Sources */,
				2BE142A7116F307B8526606A /* SyncService.swift in Sources */,
				B2F785D247654F6B9656917F /* SyncView.swift in Sources */,
				F18EAA6DAF0C0B0A4358E3FB /* TabSharingTabView.swift in Sources */,
				A2FE9A8C0FC5C40F58163D5C /* WSMessage.swift in Sources */,
			);
			runOnlyForDeploymentPostprocessing = 0;
		};
		6EC00820E04C80BB80F0283F /* Sources */ = {
			isa = PBXSourcesBuildPhase;
			buildActionMask = 2147483647;
			files = (
				4D7F6E147E32081A73EC6A13 /* AnalyticsManager.swift in Sources */,
				C201C81EC56982F0C635B7D1 /* AppConfig.swift in Sources */,
				92CF9CBD095891F47E181064 /* AppState.swift in Sources */,
				471BC3FCB2289A3EF8965C4A /* BackupService.swift in Sources */,
				5B4D9C6D628F3EFD607E130C /* BookmarkSyncTabView.swift in Sources */,
				BEAFD6A74C90C3AB6D0A8176 /* BrowSyncApp.swift in Sources */,
				2A48607D8DD08980F7A128D5 /* Browser.swift in Sources */,
				6E98480CA5084387287D3919 /* BrowserScanner.swift in Sources */,
				F737B628ED37A3128BAF8DB5 /* BrowsersTabView.swift in Sources */,
				71E4B05180F86920EA296940 /* ContentView.swift in Sources */,
				A4E8C83C16645BEA33AE8648 /* DaemonServer.swift in Sources */,
				60A3DD21B1DFD5A712F82F34 /* GeneralView.swift in Sources */,
				42B08D8BB34FC99CDC1E51D9 /* LanguageBundle.swift in Sources */,
				700AB5DA444624B2028F8FED /* NotificationService.swift in Sources */,
				D4BC03033AA7016DF316BA2B /* ProTabView.swift in Sources */,
				F2E4FA4F49AED8BC5CAB16AC /* PurchaseService.swift in Sources */,
				9F1D0E4D4AF2BA3FA1137D30 /* RouterModels.swift in Sources */,
				FBA2BBA70C6B7C1FCC3F5312 /* RouterTabView.swift in Sources */,
				3BFC42816BF86AFFDAE82773 /* RuleEditorView.swift in Sources */,
				A7205BB2D9125ABE1C4DA63A /* SafariBookmarkService.swift in Sources */,
				F7042BF2C7EA6202AE1EADD0 /* SettingsService.swift in Sources */,
				35990744963633AE665BBF5C /* StateSyncTabView.swift in Sources */,
				A8040021DF83B35FF824C029 /* SyncModels.swift in Sources */,
				F136DCF3DE2C0E19DC8A7743 /* SyncService.swift in Sources */,
				A6CC9B5D62478695376AD519 /* SyncView.swift in Sources */,
				5D1DACFA24F7BF899ADAD5DD /* TabSharingTabView.swift in Sources */,
				A2237BEECD683C66D5B399AC /* WSMessage.swift in Sources */,
			);
			runOnlyForDeploymentPostprocessing = 0;
		};
		98C182E322B99118CCAEA825 /* Sources */ = {
			isa = PBXSourcesBuildPhase;
			buildActionMask = 2147483647;
			files = (
				4C77B47951FD2837B0AC9C8A /* SafariWebExtensionHandler.swift in Sources */,
			);
			runOnlyForDeploymentPostprocessing = 0;
		};
		D78E41BD89B1B849D3D2604A /* Sources */ = {
			isa = PBXSourcesBuildPhase;
			buildActionMask = 2147483647;
			files = (
				0CB37CF6BCB9021523F734DF /* SafariWebExtensionHandler.swift in Sources */,
			);
			runOnlyForDeploymentPostprocessing = 0;
		};
/* End PBXSourcesBuildPhase section */

/* Begin PBXTargetDependency section */
		0BD69BC995BFD0F63772F0E5 /* PBXTargetDependency */ = {
			isa = PBXTargetDependency;
			target = 968EC202F2BA87A207E0429D /* SafariExtensionAppStore */;
			targetProxy = 0915DB7832E3040E78B88FDA /* PBXContainerItemProxy */;
		};
		81C9007E3073EA47680CE823 /* PBXTargetDependency */ = {
			isa = PBXTargetDependency;
			target = 582D4DCD3229B4A76BADC89F /* SafariExtension */;
			targetProxy = 1734361D4CC184F5A34AF08C /* PBXContainerItemProxy */;
		};
/* End PBXTargetDependency section */

/* Begin PBXVariantGroup section */
		2F278BFDA3B2DF653CD4E4A2 /* Localizable.strings */ = {
			isa = PBXVariantGroup;
			children = (
				2A1DD27FFC2EB5AD2E32B10B /* de */,
				EBE3A33AF5716E66F9B37B38 /* en */,
				941D195193674655AB6224B9 /* es */,
				01878D8F3BC20991BBF106DD /* fr */,
				4420759D96B938F92F687F8A /* it */,
				780E0CD4A6E3352284F4F212 /* ja */,
				E2B2655588572D19F7C9C320 /* ko */,
				11E0FCE05A6FAB3580A7C607 /* zh-Hans */,
			);
			name = Localizable.strings;
			sourceTree = "<group>";
		};
		5385B997A76CEA70148BB576 /* InfoPlist.strings */ = {
			isa = PBXVariantGroup;
			children = (
				500DD7EB4DC5567A03D6014D /* en */,
				AFA7ED2885F5600F25B63D2D /* zh-Hans */,
			);
			name = InfoPlist.strings;
			sourceTree = "<group>";
		};
/* End PBXVariantGroup section */

/* Begin XCBuildConfiguration section */
		0A0E439E4E03FE31C2DFF318 /* Release */ = {
			isa = XCBuildConfiguration;
			buildSettings = {
				CODE_SIGN_ENTITLEMENTS = SafariExtension.entitlements;
				CODE_SIGN_STYLE = Automatic;
				COMBINE_HIDPI_IMAGES = YES;
				DEVELOPMENT_TEAM = U2NEAJ73J2;
				INFOPLIST_FILE = SafariExtension/Info.plist;
				LD_RUNPATH_SEARCH_PATHS = (
					"$(inherited)",
					"@executable_path/../Frameworks",
					"@executable_path/../../../../Frameworks",
				);
				MACOSX_DEPLOYMENT_TARGET = 13.0;
				PRODUCT_BUNDLE_IDENTIFIER = com.ct106.browsync.extension;
				SDKROOT = macosx;
				SWIFT_EMIT_LOC_STRINGS = YES;
			};
			name = Release;
		};
		11D473C9B111A30FB28A0ABD /* Debug */ = {
			isa = XCBuildConfiguration;
			buildSettings = {
				APPLICATION_EXTENSION_API_ONLY = NO;
				ASSETCATALOG_COMPILER_APPICON_NAME = AppIcon;
				CODE_SIGN_ENTITLEMENTS = BrowSync.entitlements;
				CODE_SIGN_STYLE = Automatic;
				COMBINE_HIDPI_IMAGES = YES;
				DEVELOPMENT_TEAM = U2NEAJ73J2;
				INFOPLIST_FILE = BrowSync/Resources/Info.plist;
				LD_RUNPATH_SEARCH_PATHS = (
					"$(inherited)",
					"@executable_path/../Frameworks",
				);
				MACOSX_DEPLOYMENT_TARGET = 13.0;
				PRODUCT_BUNDLE_IDENTIFIER = com.ct106.browsync;
				PRODUCT_NAME = BrowSync;
				SDKROOT = macosx;
				SWIFT_EMIT_LOC_STRINGS = YES;
			};
			name = Debug;
		};
		13587B4C9E2BEA57CABB2D6D /* Debug */ = {
			isa = XCBuildConfiguration;
			buildSettings = {
				CODE_SIGN_ENTITLEMENTS = SafariExtension.entitlements;
				CODE_SIGN_STYLE = Automatic;
				COMBINE_HIDPI_IMAGES = YES;
				DEVELOPMENT_TEAM = U2NEAJ73J2;
				INFOPLIST_FILE = SafariExtension/Info.plist;
				LD_RUNPATH_SEARCH_PATHS = (
					"$(inherited)",
					"@executable_path/../Frameworks",
					"@executable_path/../../../../Frameworks",
				);
				MACOSX_DEPLOYMENT_TARGET = 13.0;
				PRODUCT_BUNDLE_IDENTIFIER = com.ct106.browsync.extension;
				SDKROOT = macosx;
				SWIFT_EMIT_LOC_STRINGS = YES;
			};
			name = Debug;
		};
		374B46621CB4FC7EF6B4454C /* Release */ = {
			isa = XCBuildConfiguration;
			buildSettings = {
				ALWAYS_SEARCH_USER_PATHS = NO;
				CLANG_ANALYZER_NONNULL = YES;
				CLANG_ANALYZER_NUMBER_OBJECT_CONVERSION = YES_AGGRESSIVE;
				CLANG_CXX_LANGUAGE_STANDARD = "gnu++14";
				CLANG_CXX_LIBRARY = "libc++";
				CLANG_ENABLE_MODULES = YES;
				CLANG_ENABLE_OBJC_ARC = YES;
				CLANG_ENABLE_OBJC_WEAK = YES;
				CLANG_WARN_BLOCK_CAPTURE_AUTORELEASING = YES;
				CLANG_WARN_BOOL_CONVERSION = YES;
				CLANG_WARN_COMMA = YES;
				CLANG_WARN_CONSTANT_CONVERSION = YES;
				CLANG_WARN_DEPRECATED_OBJC_IMPLEMENTATIONS = YES;
				CLANG_WARN_DIRECT_OBJC_ISA_USAGE = YES_ERROR;
				CLANG_WARN_DOCUMENTATION_COMMENTS = YES;
				CLANG_WARN_EMPTY_BODY = YES;
				CLANG_WARN_ENUM_CONVERSION = YES;
				CLANG_WARN_INFINITE_RECURSION = YES;
				CLANG_WARN_INT_CONVERSION = YES;
				CLANG_WARN_NON_LITERAL_NULL_CONVERSION = YES;
				CLANG_WARN_OBJC_IMPLICIT_RETAIN_SELF = YES;
				CLANG_WARN_OBJC_LITERAL_CONVERSION = YES;
				CLANG_WARN_OBJC_ROOT_CLASS = YES_ERROR;
				CLANG_WARN_QUOTED_INCLUDE_IN_FRAMEWORK_HEADER = YES;
				CLANG_WARN_RANGE_LOOP_ANALYSIS = YES;
				CLANG_WARN_STRICT_PROTOTYPES = YES;
				CLANG_WARN_SUSPICIOUS_MOVE = YES;
				CLANG_WARN_UNGUARDED_AVAILABILITY = YES_AGGRESSIVE;
				CLANG_WARN_UNREACHABLE_CODE = YES;
				CLANG_WARN__DUPLICATE_METHOD_MATCH = YES;
				COPY_PHASE_STRIP = NO;
				DEBUG_INFORMATION_FORMAT = "dwarf-with-dsym";
				ENABLE_HARDENED_RUNTIME = YES;
				ENABLE_NS_ASSERTIONS = NO;
				ENABLE_STRICT_OBJC_MSGSEND = YES;
				GCC_C_LANGUAGE_STANDARD = gnu11;
				GCC_NO_COMMON_BLOCKS = YES;
				GCC_WARN_64_TO_32_BIT_CONVERSION = YES;
				GCC_WARN_ABOUT_RETURN_TYPE = YES_ERROR;
				GCC_WARN_UNDECLARED_SELECTOR = YES;
				GCC_WARN_UNINITIALIZED_AUTOS = YES_AGGRESSIVE;
				GCC_WARN_UNUSED_FUNCTION = YES;
				GCC_WARN_UNUSED_VARIABLE = YES;
				MACOSX_DEPLOYMENT_TARGET = 13.0;
				MTL_ENABLE_DEBUG_INFO = NO;
				MTL_FAST_MATH = YES;
				PRODUCT_NAME = "$(TARGET_NAME)";
				SDKROOT = macosx;
				SWIFT_COMPILATION_MODE = wholemodule;
				SWIFT_OPTIMIZATION_LEVEL = "-O";
				SWIFT_STRICT_CONCURRENCY = minimal;
				SWIFT_VERSION = 5.10;
			};
			name = Release;
		};
		701A3A81DDDCB2DFCDFC520E /* Release */ = {
			isa = XCBuildConfiguration;
			buildSettings = {
				CODE_SIGN_ENTITLEMENTS = SafariExtensionAppStore.entitlements;
				CODE_SIGN_STYLE = Automatic;
				COMBINE_HIDPI_IMAGES = YES;
				CURRENT_PROJECT_VERSION = 27;
				DEVELOPMENT_TEAM = U2NEAJ73J2;
				INFOPLIST_FILE = SafariExtension/InfoAppStore.plist;
				INFOPLIST_KEY_CFBundleDisplayName = BrowSync;
				LD_RUNPATH_SEARCH_PATHS = (
					"$(inherited)",
					"@executable_path/../Frameworks",
					"@executable_path/../../../../Frameworks",
				);
				MACOSX_DEPLOYMENT_TARGET = 13.0;
				MARKETING_VERSION = 1.1.3;
				OTHER_SWIFT_FLAGS = "$(inherited) -D APP_STORE";
				PRODUCT_BUNDLE_IDENTIFIER = com.ct106.browsync.extension;
				SDKROOT = macosx;
				SWIFT_EMIT_LOC_STRINGS = YES;
			};
			name = Release;
		};
		DB8B70B8A3678B8AB387B6AA /* Release */ = {
			isa = XCBuildConfiguration;
			buildSettings = {
				APPLICATION_EXTENSION_API_ONLY = NO;
				ASSETCATALOG_COMPILER_APPICON_NAME = AppIcon;
				CODE_SIGN_ENTITLEMENTS = BrowSyncAppStore.entitlements;
				CODE_SIGN_STYLE = Automatic;
				COMBINE_HIDPI_IMAGES = YES;
				CURRENT_PROJECT_VERSION = 27;
				DEVELOPMENT_TEAM = U2NEAJ73J2;
				INFOPLIST_FILE = BrowSync/Resources/InfoAppStore.plist;
				INFOPLIST_KEY_CFBundleDisplayName = BrowSync;
				INFOPLIST_KEY_LSApplicationCategoryType = "public.app-category.productivity";
				LD_RUNPATH_SEARCH_PATHS = (
					"$(inherited)",
					"@executable_path/../Frameworks",
				);
				MACOSX_DEPLOYMENT_TARGET = 13.0;
				MARKETING_VERSION = 1.1.3;
				OTHER_SWIFT_FLAGS = "$(inherited) -D APP_STORE";
				PRODUCT_BUNDLE_IDENTIFIER = com.ct106.browsync;
				PRODUCT_NAME = BrowSync;
				SDKROOT = macosx;
				SWIFT_EMIT_LOC_STRINGS = YES;
			};
			name = Release;
		};
		DC9FE259C17DDA61C792E785 /* Release */ = {
			isa = XCBuildConfiguration;
			buildSettings = {
				APPLICATION_EXTENSION_API_ONLY = NO;
				ASSETCATALOG_COMPILER_APPICON_NAME = AppIcon;
				CODE_SIGN_ENTITLEMENTS = BrowSync.entitlements;
				CODE_SIGN_STYLE = Automatic;
				COMBINE_HIDPI_IMAGES = YES;
				DEVELOPMENT_TEAM = U2NEAJ73J2;
				INFOPLIST_FILE = BrowSync/Resources/Info.plist;
				LD_RUNPATH_SEARCH_PATHS = (
					"$(inherited)",
					"@executable_path/../Frameworks",
				);
				MACOSX_DEPLOYMENT_TARGET = 13.0;
				PRODUCT_BUNDLE_IDENTIFIER = com.ct106.browsync;
				PRODUCT_NAME = BrowSync;
				SDKROOT = macosx;
				SWIFT_EMIT_LOC_STRINGS = YES;
			};
			name = Release;
		};
		E1629EA44DC92190E4F2B73B /* Debug */ = {
			isa = XCBuildConfiguration;
			buildSettings = {
				CODE_SIGN_ENTITLEMENTS = SafariExtensionAppStore.entitlements;
				CODE_SIGN_STYLE = Automatic;
				COMBINE_HIDPI_IMAGES = YES;
				CURRENT_PROJECT_VERSION = 27;
				DEVELOPMENT_TEAM = U2NEAJ73J2;
				INFOPLIST_FILE = SafariExtension/InfoAppStore.plist;
				INFOPLIST_KEY_CFBundleDisplayName = BrowSync;
				LD_RUNPATH_SEARCH_PATHS = (
					"$(inherited)",
					"@executable_path/../Frameworks",
					"@executable_path/../../../../Frameworks",
				);
				MACOSX_DEPLOYMENT_TARGET = 13.0;
				MARKETING_VERSION = 1.1.3;
				OTHER_SWIFT_FLAGS = "$(inherited) -D APP_STORE";
				PRODUCT_BUNDLE_IDENTIFIER = com.ct106.browsync.extension;
				SDKROOT = macosx;
				SWIFT_EMIT_LOC_STRINGS = YES;
			};
			name = Debug;
		};
		F656CFCA271621E9D80404D5 /* Debug */ = {
			isa = XCBuildConfiguration;
			buildSettings = {
				ALWAYS_SEARCH_USER_PATHS = NO;
				CLANG_ANALYZER_NONNULL = YES;
				CLANG_ANALYZER_NUMBER_OBJECT_CONVERSION = YES_AGGRESSIVE;
				CLANG_CXX_LANGUAGE_STANDARD = "gnu++14";
				CLANG_CXX_LIBRARY = "libc++";
				CLANG_ENABLE_MODULES = YES;
				CLANG_ENABLE_OBJC_ARC = YES;
				CLANG_ENABLE_OBJC_WEAK = YES;
				CLANG_WARN_BLOCK_CAPTURE_AUTORELEASING = YES;
				CLANG_WARN_BOOL_CONVERSION = YES;
				CLANG_WARN_COMMA = YES;
				CLANG_WARN_CONSTANT_CONVERSION = YES;
				CLANG_WARN_DEPRECATED_OBJC_IMPLEMENTATIONS = YES;
				CLANG_WARN_DIRECT_OBJC_ISA_USAGE = YES_ERROR;
				CLANG_WARN_DOCUMENTATION_COMMENTS = YES;
				CLANG_WARN_EMPTY_BODY = YES;
				CLANG_WARN_ENUM_CONVERSION = YES;
				CLANG_WARN_INFINITE_RECURSION = YES;
				CLANG_WARN_INT_CONVERSION = YES;
				CLANG_WARN_NON_LITERAL_NULL_CONVERSION = YES;
				CLANG_WARN_OBJC_IMPLICIT_RETAIN_SELF = YES;
				CLANG_WARN_OBJC_LITERAL_CONVERSION = YES;
				CLANG_WARN_OBJC_ROOT_CLASS = YES_ERROR;
				CLANG_WARN_QUOTED_INCLUDE_IN_FRAMEWORK_HEADER = YES;
				CLANG_WARN_RANGE_LOOP_ANALYSIS = YES;
				CLANG_WARN_STRICT_PROTOTYPES = YES;
				CLANG_WARN_SUSPICIOUS_MOVE = YES;
				CLANG_WARN_UNGUARDED_AVAILABILITY = YES_AGGRESSIVE;
				CLANG_WARN_UNREACHABLE_CODE = YES;
				CLANG_WARN__DUPLICATE_METHOD_MATCH = YES;
				COPY_PHASE_STRIP = NO;
				DEBUG_INFORMATION_FORMAT = dwarf;
				ENABLE_HARDENED_RUNTIME = YES;
				ENABLE_STRICT_OBJC_MSGSEND = YES;
				ENABLE_TESTABILITY = YES;
				GCC_C_LANGUAGE_STANDARD = gnu11;
				GCC_DYNAMIC_NO_PIC = NO;
				GCC_NO_COMMON_BLOCKS = YES;
				GCC_OPTIMIZATION_LEVEL = 0;
				GCC_PREPROCESSOR_DEFINITIONS = (
					"$(inherited)",
					"DEBUG=1",
				);
				GCC_WARN_64_TO_32_BIT_CONVERSION = YES;
				GCC_WARN_ABOUT_RETURN_TYPE = YES_ERROR;
				GCC_WARN_UNDECLARED_SELECTOR = YES;
				GCC_WARN_UNINITIALIZED_AUTOS = YES_AGGRESSIVE;
				GCC_WARN_UNUSED_FUNCTION = YES;
				GCC_WARN_UNUSED_VARIABLE = YES;
				MACOSX_DEPLOYMENT_TARGET = 13.0;
				MTL_ENABLE_DEBUG_INFO = INCLUDE_SOURCE;
				MTL_FAST_MATH = YES;
				ONLY_ACTIVE_ARCH = YES;
				PRODUCT_NAME = "$(TARGET_NAME)";
				SDKROOT = macosx;
				SWIFT_ACTIVE_COMPILATION_CONDITIONS = DEBUG;
				SWIFT_OPTIMIZATION_LEVEL = "-Onone";
				SWIFT_STRICT_CONCURRENCY = minimal;
				SWIFT_VERSION = 5.10;
			};
			name = Debug;
		};
		FAE2D1411074FC5BC55762B7 /* Debug */ = {
			isa = XCBuildConfiguration;
			buildSettings = {
				APPLICATION_EXTENSION_API_ONLY = NO;
				ASSETCATALOG_COMPILER_APPICON_NAME = AppIcon;
				CODE_SIGN_ENTITLEMENTS = BrowSyncAppStore.entitlements;
				CODE_SIGN_STYLE = Automatic;
				COMBINE_HIDPI_IMAGES = YES;
				CURRENT_PROJECT_VERSION = 27;
				DEVELOPMENT_TEAM = U2NEAJ73J2;
				INFOPLIST_FILE = BrowSync/Resources/InfoAppStore.plist;
				INFOPLIST_KEY_CFBundleDisplayName = BrowSync;
				INFOPLIST_KEY_LSApplicationCategoryType = "public.app-category.productivity";
				LD_RUNPATH_SEARCH_PATHS = (
					"$(inherited)",
					"@executable_path/../Frameworks",
				);
				MACOSX_DEPLOYMENT_TARGET = 13.0;
				MARKETING_VERSION = 1.1.3;
				OTHER_SWIFT_FLAGS = "$(inherited) -D APP_STORE";
				PRODUCT_BUNDLE_IDENTIFIER = com.ct106.browsync;
				PRODUCT_NAME = BrowSync;
				SDKROOT = macosx;
				SWIFT_EMIT_LOC_STRINGS = YES;
			};
			name = Debug;
		};
/* End XCBuildConfiguration section */

/* Begin XCConfigurationList section */
		25B9F0727B6A8D53BD9DD5E2 /* Build configuration list for PBXNativeTarget "BrowSync" */ = {
			isa = XCConfigurationList;
			buildConfigurations = (
				11D473C9B111A30FB28A0ABD /* Debug */,
				DC9FE259C17DDA61C792E785 /* Release */,
			);
			defaultConfigurationIsVisible = 0;
			defaultConfigurationName = Debug;
		};
		330E79B7C9739FF9F0169AD0 /* Build configuration list for PBXNativeTarget "SafariExtensionAppStore" */ = {
			isa = XCConfigurationList;
			buildConfigurations = (
				E1629EA44DC92190E4F2B73B /* Debug */,
				701A3A81DDDCB2DFCDFC520E /* Release */,
			);
			defaultConfigurationIsVisible = 0;
			defaultConfigurationName = Debug;
		};
		5026419C8DEFB74C6E71F0B0 /* Build configuration list for PBXProject "BrowSync" */ = {
			isa = XCConfigurationList;
			buildConfigurations = (
				F656CFCA271621E9D80404D5 /* Debug */,
				374B46621CB4FC7EF6B4454C /* Release */,
			);
			defaultConfigurationIsVisible = 0;
			defaultConfigurationName = Debug;
		};
		6433269975F3F2B8641D0C77 /* Build configuration list for PBXNativeTarget "SafariExtension" */ = {
			isa = XCConfigurationList;
			buildConfigurations = (
				13587B4C9E2BEA57CABB2D6D /* Debug */,
				0A0E439E4E03FE31C2DFF318 /* Release */,
			);
			defaultConfigurationIsVisible = 0;
			defaultConfigurationName = Debug;
		};
		C0AA2E7E6B657C636A60B4AE /* Build configuration list for PBXNativeTarget "BrowSyncAppStore" */ = {
			isa = XCConfigurationList;
			buildConfigurations = (
				FAE2D1411074FC5BC55762B7 /* Debug */,
				DB8B70B8A3678B8AB387B6AA /* Release */,
			);
			defaultConfigurationIsVisible = 0;
			defaultConfigurationName = Debug;
		};
/* End XCConfigurationList section */

/* Begin XCRemoteSwiftPackageReference section */
		5DDB7C56C7A888AFF5D86ACD /* XCRemoteSwiftPackageReference "aptabase-swift" */ = {
			isa = XCRemoteSwiftPackageReference;
			repositoryURL = "https://github.com/aptabase/aptabase-swift";
			requirement = {
				kind = upToNextMajorVersion;
				minimumVersion = 0.3.0;
			};
		};
		C3156D4C68323EEA4C24D3E9 /* XCRemoteSwiftPackageReference "Sparkle" */ = {
			isa = XCRemoteSwiftPackageReference;
			repositoryURL = "https://github.com/sparkle-project/Sparkle";
			requirement = {
				kind = upToNextMajorVersion;
				minimumVersion = 2.6.0;
			};
		};
/* End XCRemoteSwiftPackageReference section */

/* Begin XCSwiftPackageProductDependency section */
		8F7CD436B796A8A5DD5D5E09 /* Aptabase */ = {
			isa = XCSwiftPackageProductDependency;
			package = 5DDB7C56C7A888AFF5D86ACD /* XCRemoteSwiftPackageReference "aptabase-swift" */;
			productName = Aptabase;
		};
		AE143AD59F66BFD216353310 /* Aptabase */ = {
			isa = XCSwiftPackageProductDependency;
			package = 5DDB7C56C7A888AFF5D86ACD /* XCRemoteSwiftPackageReference "aptabase-swift" */;
			productName = Aptabase;
		};
		B6D44F4007EDC4B1F445B0CA /* Sparkle */ = {
			isa = XCSwiftPackageProductDependency;
			package = C3156D4C68323EEA4C24D3E9 /* XCRemoteSwiftPackageReference "Sparkle" */;
			productName = Sparkle;
		};
/* End XCSwiftPackageProductDependency section */
	};
	rootObject = 93345561A22B956F3578F1B9 /* Project object */;
}
