// !$*UTF8*$!
{
	archiveVersion = 1;
	classes = {
	};
	objectVersion = 77;
	objects = {

/* Begin PBXBuildFile section */
		02A3CFA0BCE0065AD4A05EBA /* manifest.json in Resources */ = {isa = PBXBuildFile; fileRef = E315605267BB5B97A246FF33 /* manifest.json */; };
		09C7E842D5114B27B18A86DB /* RouterTabView.swift in Sources */ = {isa = PBXBuildFile; fileRef = 10F52E8BB62D4BA5E32CD492 /* RouterTabView.swift */; };
		0A63D7EDCF55B55E811CB8EE /* Localizable.strings in Resources */ = {isa = PBXBuildFile; fileRef = 2F278BFDA3B2DF653CD4E4A2 /* Localizable.strings */; };
		0F5CB5937AE876460E91A93C /* RuleEditorView.swift in Sources */ = {isa = PBXBuildFile; fileRef = B56E2AFB07CC6CA3A5582028 /* RuleEditorView.swift */; };
		1150700A20301EFB81B57837 /* GeneralView.swift in Sources */ = {isa = PBXBuildFile; fileRef = 8449AE30421FC5A59FC77934 /* GeneralView.swift */; };
		13C5A394060BB3FAA4E0F25B /* BackupService.swift in Sources */ = {isa = PBXBuildFile; fileRef = B4F4144B8AE085C797A52208 /* BackupService.swift */; };
		2879F3B8F581EA7C2367D516 /* BrowSyncExtension.appex in Embed Foundation Extensions */ = {isa = PBXBuildFile; fileRef = D8BE9255117735690255AB52 /* BrowSyncExtension.appex */; settings = {ATTRIBUTES = (RemoveHeadersOnCopy, ); }; };
		2BE142A7116F307B8526606A /* SyncService.swift in Sources */ = {isa = PBXBuildFile; fileRef = 5E94CB565A48E6F14B1C0821 /* SyncService.swift */; };
		32705BB7B9B3DD1FAC405E50 /* RouterModels.swift in Sources */ = {isa = PBXBuildFile; fileRef = 005114DBA010E2061038E501 /* RouterModels.swift */; };
		33196311642EEF796051FA58 /* BrowserScanner.swift in Sources */ = {isa = PBXBuildFile; fileRef = 2AF71F0DA64453CD967B49F2 /* BrowserScanner.swift */; };
		3A13FFD185F493D6D340336C /* SafariBookmarkService.swift in Sources */ = {isa = PBXBuildFile; fileRef = 3DC990238C2CD5EC343B5DF5 /* SafariBookmarkService.swift */; };
		3CA927BE680755151AFD2D5C /* Sparkle in Frameworks */ = {isa = PBXBuildFile; productRef = B6D44F4007EDC4B1F445B0CA /* Sparkle */; };
		451459BBDB92A248C9B5A124 /* content.js in Resources */ = {isa = PBXBuildFile; fileRef = C92E6B86E06DBA3FAF458AA8 /* content.js */; };
		4567138CD68F9FAC79645C22 /* popup.html in Resources */ = {isa = PBXBuildFile; fileRef = 2D55AFE8190981BCBBAD8141 /* popup.html */; };
		50B07349BAD8F3A740432E15 /* StateSyncTabView.swift in Sources */ = {isa = PBXBuildFile; fileRef = A871D9385C69C6022679A1A6 /* StateSyncTabView.swift */; };
		6483E01050E3491D679A4C6A /* BookmarkSyncTabView.swift in Sources */ = {isa = PBXBuildFile; fileRef = FD017512DDEC9AE8140DEF5A /* BookmarkSyncTabView.swift */; };
		707821BB2B42D121080578F5 /* DaemonServer.swift in Sources */ = {isa = PBXBuildFile; fileRef = 3528BFE980A1D1244B97800E /* DaemonServer.swift */; };
		7DE05CB0C0717AE68DF19152 /* InfoPlist.strings in Resources */ = {isa = PBXBuildFile; fileRef = 5385B997A76CEA70148BB576 /* InfoPlist.strings */; };
		802AEFECBBCA59346FF958FB /* icons in Resources */ = {isa = PBXBuildFile; fileRef = 5DE281CEF76E46A6A199A351 /* icons */; };
		843D134034448134FDF38A8B /* AnalyticsManager.swift in Sources */ = {isa = PBXBuildFile; fileRef = 877F489CC3C5152086D3B088 /* AnalyticsManager.swift */; };
		89B2FBA2DA46EBD47142C310 /* NotificationService.swift in Sources */ = {isa = PBXBuildFile; fileRef = 3FA75D3B7E887B29E30DDBDE /* NotificationService.swift */; };
		8A59C788940EE276FEF49438 /* ContentView.swift in Sources */ = {isa = PBXBuildFile; fileRef = 2332B7DC4ABFCC9469A81DA4 /* ContentView.swift */; };
		8B8829DDE271271237CF8E82 /* _locales in Resources */ = {isa = PBXBuildFile; fileRef = B5B81522FABEA38722F4B7BF /* _locales */; };
		8DFBC220F863CB4B7D9E8740 /* LanguageBundle.swift in Sources */ = {isa = PBXBuildFile; fileRef = BE5BEE879CB61212F2D3F082 /* LanguageBundle.swift */; };
		96128DEC3156F0AB79B87436 /* popup.js in Resources */ = {isa = PBXBuildFile; fileRef = 9057E94AC94248B5CE65CF31 /* popup.js */; };
		A2FE9A8C0FC5C40F58163D5C /* WSMessage.swift in Sources */ = {isa = PBXBuildFile; fileRef = B1108A1B4B7AA8CF05488F9C /* WSMessage.swift */; };
		A3575734508D3D0F3326CF47 /* Aptabase in Frameworks */ = {isa = PBXBuildFile; productRef = AE143AD59F66BFD216353310 /* Aptabase */; };
		B2F785D247654F6B9656917F /* SyncView.swift in Sources */ = {isa = PBXBuildFile; fileRef = 82D553C4CA2861D50758366B /* SyncView.swift */; };
		B3CA3D25584BA151347395DA /* Assets.xcassets in Resources */ = {isa = PBXBuildFile; fileRef = 5800150E203500FC40165A3D /* Assets.xcassets */; };
		B73BEA26F240001A92A704D8 /* SettingsService.swift in Sources */ = {isa = PBXBuildFile; fileRef = 93D2A20D8B97836960D5A19A /* SettingsService.swift */; };
		BB67DA47A77A3BF2BCCF408C /* background.js in Resources */ = {isa = PBXBuildFile; fileRef = 9F1C6061070A3577FA35F5EF /* background.js */; };
		BFE57D536478C567B7922537 /* BrowSync-Promo-1280x800.png in Resources */ = {isa = PBXBuildFile; fileRef = C4B27D5A9D28D813C2D50EC6 /* BrowSync-Promo-1280x800.png */; };
		C30EE96DFF76B037BDEF411A /* AppState.swift in Sources */ = {isa = PBXBuildFile; fileRef = BFF4219B6E285A9B3E623F49 /* AppState.swift */; };
		C7046B24359CF5FB86A8E512 /* Browser.swift in Sources */ = {isa = PBXBuildFile; fileRef = C137716E2FEA5232D824F358 /* Browser.swift */; };
		DBBE43C12EC0AAF9A23B738F /* SafariWebExtensionHandler.swift in Sources */ = {isa = PBXBuildFile; fileRef = 06AFD458EE98ACF03EC87C22 /* SafariWebExtensionHandler.swift */; };
		E1CD59F47876A3FB53D94328 /* SyncModels.swift in Sources */ = {isa = PBXBuildFile; fileRef = 4A471324A48AEDB45FF4BA73 /* SyncModels.swift */; };
		F18EAA6DAF0C0B0A4358E3FB /* TabSharingTabView.swift in Sources */ = {isa = PBXBuildFile; fileRef = 97ACC9858254F5F021C00B89 /* TabSharingTabView.swift */; };
		F2EB1E0274B9ADAF8C9B9620 /* BrowSyncApp.swift in Sources */ = {isa = PBXBuildFile; fileRef = C6BFEB07402A67F5BB319D14 /* BrowSyncApp.swift */; };
		F305BEDD3C3CF4EAB82BB3BA /* BrowsersTabView.swift in Sources */ = {isa = PBXBuildFile; fileRef = 46F4DE424609A3662449C730 /* BrowsersTabView.swift */; };
		FF2C4FE56E23B34872FBCDAF /* AppConfig.swift in Sources */ = {isa = PBXBuildFile; fileRef = 91206874B5D1B45C9D05A911 /* AppConfig.swift */; };
/* End PBXBuildFile section */

/* Begin PBXContainerItemProxy section */
		EEB0915703FF78BCF7025B35 /* PBXContainerItemProxy */ = {
			isa = PBXContainerItemProxy;
			containerPortal = 93345561A22B956F3578F1B9 /* Project object */;
			proxyType = 1;
			remoteGlobalIDString = 03517C96B408D7BE5C42D1ED;
			remoteInfo = BrowSyncExtension;
		};
/* End PBXContainerItemProxy section */

/* Begin PBXCopyFilesBuildPhase section */
		DCC0ADA5E7ACAECD28B819F9 /* Embed Foundation Extensions */ = {
			isa = PBXCopyFilesBuildPhase;
			buildActionMask = 2147483647;
			dstPath = "";
			dstSubfolderSpec = 13;
			files = (
				2879F3B8F581EA7C2367D516 /* BrowSyncExtension.appex in Embed Foundation Extensions */,
			);
			name = "Embed Foundation Extensions";
			runOnlyForDeploymentPostprocessing = 0;
		};
/* End PBXCopyFilesBuildPhase section */

/* Begin PBXFileReference section */
		005114DBA010E2061038E501 /* RouterModels.swift */ = {isa = PBXFileReference; lastKnownFileType = sourcecode.swift; path = RouterModels.swift; sourceTree = "<group>"; };
		01878D8F3BC20991BBF106DD /* fr */ = {isa = PBXFileReference; lastKnownFileType = text.plist.strings; name = fr; path = fr.lproj/Localizable.strings; sourceTree = "<group>"; };
		06AFD458EE98ACF03EC87C22 /* SafariWebExtensionHandler.swift */ = {isa = PBXFileReference; lastKnownFileType = sourcecode.swift; path = SafariWebExtensionHandler.swift; sourceTree = "<group>"; };
		10F52E8BB62D4BA5E32CD492 /* RouterTabView.swift */ = {isa = PBXFileReference; lastKnownFileType = sourcecode.swift; path = RouterTabView.swift; sourceTree = "<group>"; };
		11E0FCE05A6FAB3580A7C607 /* zh-Hans */ = {isa = PBXFileReference; lastKnownFileType = text.plist.strings; name = "zh-Hans"; path = "zh-Hans.lproj/Localizable.strings"; sourceTree = "<group>"; };
		2332B7DC4ABFCC9469A81DA4 /* ContentView.swift */ = {isa = PBXFileReference; lastKnownFileType = sourcecode.swift; path = ContentView.swift; sourceTree = "<group>"; };
		2A1DD27FFC2EB5AD2E32B10B /* de */ = {isa = PBXFileReference; lastKnownFileType = text.plist.strings; name = de; path = de.lproj/Localizable.strings; sourceTree = "<group>"; };
		2AF71F0DA64453CD967B49F2 /* BrowserScanner.swift */ = {isa = PBXFileReference; lastKnownFileType = sourcecode.swift; path = BrowserScanner.swift; sourceTree = "<group>"; };
		2D55AFE8190981BCBBAD8141 /* popup.html */ = {isa = PBXFileReference; lastKnownFileType = text.html; path = popup.html; sourceTree = "<group>"; };
		3528BFE980A1D1244B97800E /* DaemonServer.swift */ = {isa = PBXFileReference; lastKnownFileType = sourcecode.swift; path = DaemonServer.swift; sourceTree = "<group>"; };
		3DC990238C2CD5EC343B5DF5 /* SafariBookmarkService.swift */ = {isa = PBXFileReference; lastKnownFileType = sourcecode.swift; path = SafariBookmarkService.swift; sourceTree = "<group>"; };
		3FA75D3B7E887B29E30DDBDE /* NotificationService.swift */ = {isa = PBXFileReference; lastKnownFileType = sourcecode.swift; path = NotificationService.swift; sourceTree = "<group>"; };
		4420759D96B938F92F687F8A /* it */ = {isa = PBXFileReference; lastKnownFileType = text.plist.strings; name = it; path = it.lproj/Localizable.strings; sourceTree = "<group>"; };
		46F4DE424609A3662449C730 /* BrowsersTabView.swift */ = {isa = PBXFileReference; lastKnownFileType = sourcecode.swift; path = BrowsersTabView.swift; sourceTree = "<group>"; };
		4A471324A48AEDB45FF4BA73 /* SyncModels.swift */ = {isa = PBXFileReference; lastKnownFileType = sourcecode.swift; path = SyncModels.swift; sourceTree = "<group>"; };
		500DD7EB4DC5567A03D6014D /* en */ = {isa = PBXFileReference; lastKnownFileType = text.plist.strings; name = en; path = en.lproj/InfoPlist.strings; sourceTree = "<group>"; };
		5800150E203500FC40165A3D /* Assets.xcassets */ = {isa = PBXFileReference; lastKnownFileType = folder.assetcatalog; path = Assets.xcassets; sourceTree = "<group>"; };
		5DE281CEF76E46A6A199A351 /* icons */ = {isa = PBXFileReference; lastKnownFileType = folder; name = icons; path = BrowSyncExtension/Resources/icons; sourceTree = SOURCE_ROOT; };
		5E94CB565A48E6F14B1C0821 /* SyncService.swift */ = {isa = PBXFileReference; lastKnownFileType = sourcecode.swift; path = SyncService.swift; sourceTree = "<group>"; };
		705139BD1CAEFD064FC5E472 /* BrowSync.app */ = {isa = PBXFileReference; explicitFileType = wrapper.application; includeInIndex = 0; path = BrowSync.app; sourceTree = BUILT_PRODUCTS_DIR; };
		780E0CD4A6E3352284F4F212 /* ja */ = {isa = PBXFileReference; lastKnownFileType = text.plist.strings; name = ja; path = ja.lproj/Localizable.strings; sourceTree = "<group>"; };
		82D553C4CA2861D50758366B /* SyncView.swift */ = {isa = PBXFileReference; lastKnownFileType = sourcecode.swift; path = SyncView.swift; sourceTree = "<group>"; };
		8449AE30421FC5A59FC77934 /* GeneralView.swift */ = {isa = PBXFileReference; lastKnownFileType = sourcecode.swift; path = GeneralView.swift; sourceTree = "<group>"; };
		877F489CC3C5152086D3B088 /* AnalyticsManager.swift */ = {isa = PBXFileReference; lastKnownFileType = sourcecode.swift; path = AnalyticsManager.swift; sourceTree = "<group>"; };
		9057E94AC94248B5CE65CF31 /* popup.js */ = {isa = PBXFileReference; lastKnownFileType = sourcecode.javascript; path = popup.js; sourceTree = "<group>"; };
		91206874B5D1B45C9D05A911 /* AppConfig.swift */ = {isa = PBXFileReference; lastKnownFileType = sourcecode.swift; path = AppConfig.swift; sourceTree = "<group>"; };
		93D2A20D8B97836960D5A19A /* SettingsService.swift */ = {isa = PBXFileReference; lastKnownFileType = sourcecode.swift; path = SettingsService.swift; sourceTree = "<group>"; };
		941D195193674655AB6224B9 /* es */ = {isa = PBXFileReference; lastKnownFileType = text.plist.strings; name = es; path = es.lproj/Localizable.strings; sourceTree = "<group>"; };
		97ACC9858254F5F021C00B89 /* TabSharingTabView.swift */ = {isa = PBXFileReference; lastKnownFileType = sourcecode.swift; path = TabSharingTabView.swift; sourceTree = "<group>"; };
		9F1C6061070A3577FA35F5EF /* background.js */ = {isa = PBXFileReference; lastKnownFileType = sourcecode.javascript; path = background.js; sourceTree = "<group>"; };
		A871D9385C69C6022679A1A6 /* StateSyncTabView.swift */ = {isa = PBXFileReference; lastKnownFileType = sourcecode.swift; path = StateSyncTabView.swift; sourceTree = "<group>"; };
		AFA7ED2885F5600F25B63D2D /* zh-Hans */ = {isa = PBXFileReference; lastKnownFileType = text.plist.strings; name = "zh-Hans"; path = "zh-Hans.lproj/InfoPlist.strings"; sourceTree = "<group>"; };
		B1108A1B4B7AA8CF05488F9C /* WSMessage.swift */ = {isa = PBXFileReference; lastKnownFileType = sourcecode.swift; path = WSMessage.swift; sourceTree = "<group>"; };
		B4F4144B8AE085C797A52208 /* BackupService.swift */ = {isa = PBXFileReference; lastKnownFileType = sourcecode.swift; path = BackupService.swift; sourceTree = "<group>"; };
		B56E2AFB07CC6CA3A5582028 /* RuleEditorView.swift */ = {isa = PBXFileReference; lastKnownFileType = sourcecode.swift; path = RuleEditorView.swift; sourceTree = "<group>"; };
		B5B81522FABEA38722F4B7BF /* _locales */ = {isa = PBXFileReference; lastKnownFileType = folder; name = _locales; path = BrowSyncExtension/Resources/_locales; sourceTree = SOURCE_ROOT; };
		BE5BEE879CB61212F2D3F082 /* LanguageBundle.swift */ = {isa = PBXFileReference; lastKnownFileType = sourcecode.swift; path = LanguageBundle.swift; sourceTree = "<group>"; };
		BFF4219B6E285A9B3E623F49 /* AppState.swift */ = {isa = PBXFileReference; lastKnownFileType = sourcecode.swift; path = AppState.swift; sourceTree = "<group>"; };
		C137716E2FEA5232D824F358 /* Browser.swift */ = {isa = PBXFileReference; lastKnownFileType = sourcecode.swift; path = Browser.swift; sourceTree = "<group>"; };
		C4B27D5A9D28D813C2D50EC6 /* BrowSync-Promo-1280x800.png */ = {isa = PBXFileReference; lastKnownFileType = image.png; path = "BrowSync-Promo-1280x800.png"; sourceTree = "<group>"; };
		C6BFEB07402A67F5BB319D14 /* BrowSyncApp.swift */ = {isa = PBXFileReference; lastKnownFileType = sourcecode.swift; path = BrowSyncApp.swift; sourceTree = "<group>"; };
		C92E6B86E06DBA3FAF458AA8 /* content.js */ = {isa = PBXFileReference; lastKnownFileType = sourcecode.javascript; path = content.js; sourceTree = "<group>"; };
		D8BE9255117735690255AB52 /* BrowSyncExtension.appex */ = {isa = PBXFileReference; explicitFileType = "wrapper.app-extension"; includeInIndex = 0; path = BrowSyncExtension.appex; sourceTree = BUILT_PRODUCTS_DIR; };
		E2B2655588572D19F7C9C320 /* ko */ = {isa = PBXFileReference; lastKnownFileType = text.plist.strings; name = ko; path = ko.lproj/Localizable.strings; sourceTree = "<group>"; };
		E315605267BB5B97A246FF33 /* manifest.json */ = {isa = PBXFileReference; lastKnownFileType = text.json; path = manifest.json; sourceTree = "<group>"; };
		EBE3A33AF5716E66F9B37B38 /* en */ = {isa = PBXFileReference; lastKnownFileType = text.plist.strings; name = en; path = en.lproj/Localizable.strings; sourceTree = "<group>"; };
		FD017512DDEC9AE8140DEF5A /* BookmarkSyncTabView.swift */ = {isa = PBXFileReference; lastKnownFileType = sourcecode.swift; path = BookmarkSyncTabView.swift; sourceTree = "<group>"; };
/* End PBXFileReference section */

/* Begin PBXFrameworksBuildPhase section */
		33AA3CC0B1C961B6F2AA067C /* Frameworks */ = {
			isa = PBXFrameworksBuildPhase;
			buildActionMask = 2147483647;
			files = (
				3CA927BE680755151AFD2D5C /* Sparkle in Frameworks */,
				A3575734508D3D0F3326CF47 /* Aptabase in Frameworks */,
			);
			runOnlyForDeploymentPostprocessing = 0;
		};
/* End PBXFrameworksBuildPhase section */

/* Begin PBXGroup section */
		2D7420E5C590710BF437D49C /* Marketing */ = {
			isa = PBXGroup;
			children = (
				C4B27D5A9D28D813C2D50EC6 /* BrowSync-Promo-1280x800.png */,
			);
			path = Marketing;
			sourceTree = "<group>";
		};
		56D52BA27A38815657A008A1 /* Resources */ = {
			isa = PBXGroup;
			children = (
				9F1C6061070A3577FA35F5EF /* background.js */,
				C92E6B86E06DBA3FAF458AA8 /* content.js */,
				E315605267BB5B97A246FF33 /* manifest.json */,
				2D55AFE8190981BCBBAD8141 /* popup.html */,
				9057E94AC94248B5CE65CF31 /* popup.js */,
			);
			name = Resources;
			path = BrowSyncExtension/Resources;
			sourceTree = "<group>";
		};
		6053B83B2012D9E2B225A389 /* Models */ = {
			isa = PBXGroup;
			children = (
				C137716E2FEA5232D824F358 /* Browser.swift */,
				005114DBA010E2061038E501 /* RouterModels.swift */,
				4A471324A48AEDB45FF4BA73 /* SyncModels.swift */,
				B1108A1B4B7AA8CF05488F9C /* WSMessage.swift */,
			);
			path = Models;
			sourceTree = "<group>";
		};
		655AD067625C5857CD4C948C /* BrowSyncExtension */ = {
			isa = PBXGroup;
			children = (
				06AFD458EE98ACF03EC87C22 /* SafariWebExtensionHandler.swift */,
			);
			path = BrowSyncExtension;
			sourceTree = "<group>";
		};
		69692C5A894ED52E721AAC13 /* Resources */ = {
			isa = PBXGroup;
			children = (
				5800150E203500FC40165A3D /* Assets.xcassets */,
				5385B997A76CEA70148BB576 /* InfoPlist.strings */,
				2F278BFDA3B2DF653CD4E4A2 /* Localizable.strings */,
				2D7420E5C590710BF437D49C /* Marketing */,
			);
			path = Resources;
			sourceTree = "<group>";
		};
		6AE3195C9D56F2B984A7F464 /* BrowSync */ = {
			isa = PBXGroup;
			children = (
				DB26BB21488C047DC21AE886 /* App */,
				8B013067BD238EB8066F3C7C /* Core */,
				6053B83B2012D9E2B225A389 /* Models */,
				69692C5A894ED52E721AAC13 /* Resources */,
				F54EF8D3DC5874F7F31DF43E /* Services */,
				9ADD3A89D1F10C2B76F4B754 /* Views */,
			);
			path = BrowSync;
			sourceTree = "<group>";
		};
		8B013067BD238EB8066F3C7C /* Core */ = {
			isa = PBXGroup;
			children = (
				91206874B5D1B45C9D05A911 /* AppConfig.swift */,
				2AF71F0DA64453CD967B49F2 /* BrowserScanner.swift */,
				3528BFE980A1D1244B97800E /* DaemonServer.swift */,
			);
			path = Core;
			sourceTree = "<group>";
		};
		9913E770E0229C8BBD6B0801 /* General */ = {
			isa = PBXGroup;
			children = (
				8449AE30421FC5A59FC77934 /* GeneralView.swift */,
			);
			path = General;
			sourceTree = "<group>";
		};
		9ADD3A89D1F10C2B76F4B754 /* Views */ = {
			isa = PBXGroup;
			children = (
				FD017512DDEC9AE8140DEF5A /* BookmarkSyncTabView.swift */,
				46F4DE424609A3662449C730 /* BrowsersTabView.swift */,
				2332B7DC4ABFCC9469A81DA4 /* ContentView.swift */,
				10F52E8BB62D4BA5E32CD492 /* RouterTabView.swift */,
				B56E2AFB07CC6CA3A5582028 /* RuleEditorView.swift */,
				A871D9385C69C6022679A1A6 /* StateSyncTabView.swift */,
				97ACC9858254F5F021C00B89 /* TabSharingTabView.swift */,
				9913E770E0229C8BBD6B0801 /* General */,
				B06AED21A0807AB944B12FCA /* Sync */,
			);
			path = Views;
			sourceTree = "<group>";
		};
		B06AED21A0807AB944B12FCA /* Sync */ = {
			isa = PBXGroup;
			children = (
				82D553C4CA2861D50758366B /* SyncView.swift */,
			);
			path = Sync;
			sourceTree = "<group>";
		};
		CDFD277E2BFDC5553C9BE04F = {
			isa = PBXGroup;
			children = (
				B5B81522FABEA38722F4B7BF /* _locales */,
				5DE281CEF76E46A6A199A351 /* icons */,
				6AE3195C9D56F2B984A7F464 /* BrowSync */,
				655AD067625C5857CD4C948C /* BrowSyncExtension */,
				56D52BA27A38815657A008A1 /* Resources */,
				E245A1B0EFBD21BA2E413CF5 /* Products */,
			);
			sourceTree = "<group>";
		};
		DB26BB21488C047DC21AE886 /* App */ = {
			isa = PBXGroup;
			children = (
				BFF4219B6E285A9B3E623F49 /* AppState.swift */,
				C6BFEB07402A67F5BB319D14 /* BrowSyncApp.swift */,
			);
			path = App;
			sourceTree = "<group>";
		};
		E245A1B0EFBD21BA2E413CF5 /* Products */ = {
			isa = PBXGroup;
			children = (
				705139BD1CAEFD064FC5E472 /* BrowSync.app */,
				D8BE9255117735690255AB52 /* BrowSyncExtension.appex */,
			);
			name = Products;
			sourceTree = "<group>";
		};
		F54EF8D3DC5874F7F31DF43E /* Services */ = {
			isa = PBXGroup;
			children = (
				877F489CC3C5152086D3B088 /* AnalyticsManager.swift */,
				B4F4144B8AE085C797A52208 /* BackupService.swift */,
				BE5BEE879CB61212F2D3F082 /* LanguageBundle.swift */,
				3FA75D3B7E887B29E30DDBDE /* NotificationService.swift */,
				3DC990238C2CD5EC343B5DF5 /* SafariBookmarkService.swift */,
				93D2A20D8B97836960D5A19A /* SettingsService.swift */,
				5E94CB565A48E6F14B1C0821 /* SyncService.swift */,
			);
			path = Services;
			sourceTree = "<group>";
		};
/* End PBXGroup section */

/* Begin PBXNativeTarget section */
		03517C96B408D7BE5C42D1ED /* BrowSyncExtension */ = {
			isa = PBXNativeTarget;
			buildConfigurationList = 45B1DDBECB156299D8C97C1D /* Build configuration list for PBXNativeTarget "BrowSyncExtension" */;
			buildPhases = (
				DC3AECE18AA7DB8FE4AF2FC7 /* Sources */,
				3350C0C31936192B8AF3A1F0 /* Resources */,
			);
			buildRules = (
			);
			dependencies = (
			);
			name = BrowSyncExtension;
			packageProductDependencies = (
			);
			productName = BrowSyncExtension;
			productReference = D8BE9255117735690255AB52 /* BrowSyncExtension.appex */;
			productType = "com.apple.product-type.app-extension";
		};
		C7D705FD03E582897EBBFCA9 /* BrowSync */ = {
			isa = PBXNativeTarget;
			buildConfigurationList = 25B9F0727B6A8D53BD9DD5E2 /* Build configuration list for PBXNativeTarget "BrowSync" */;
			buildPhases = (
				06F117E61C86457BAC80A302 /* Sources */,
				EEFB8FA7163DD6286B593D6D /* Resources */,
				33AA3CC0B1C961B6F2AA067C /* Frameworks */,
				DCC0ADA5E7ACAECD28B819F9 /* Embed Foundation Extensions */,
			);
			buildRules = (
			);
			dependencies = (
				A2978A4CF9CBBBF9634BF1E1 /* PBXTargetDependency */,
			);
			name = BrowSync;
			packageProductDependencies = (
				B6D44F4007EDC4B1F445B0CA /* Sparkle */,
				AE143AD59F66BFD216353310 /* Aptabase */,
			);
			productName = BrowSync;
			productReference = 705139BD1CAEFD064FC5E472 /* BrowSync.app */;
			productType = "com.apple.product-type.application";
		};
/* End PBXNativeTarget section */

/* Begin PBXProject section */
		93345561A22B956F3578F1B9 /* Project object */ = {
			isa = PBXProject;
			attributes = {
				BuildIndependentTargetsInParallel = YES;
				LastUpgradeCheck = 1500;
				TargetAttributes = {
					03517C96B408D7BE5C42D1ED = {
						DevelopmentTeam = U2NEAJ73J2;
						ProvisioningStyle = Automatic;
					};
					C7D705FD03E582897EBBFCA9 = {
						DevelopmentTeam = U2NEAJ73J2;
						ProvisioningStyle = Automatic;
					};
				};
			};
			buildConfigurationList = 5026419C8DEFB74C6E71F0B0 /* Build configuration list for PBXProject "BrowSync" */;
			developmentRegion = en;
			hasScannedForEncodings = 0;
			knownRegions = (
				Base,
				de,
				en,
				es,
				fr,
				it,
				ja,
				ko,
				"zh-Hans",
			);
			mainGroup = CDFD277E2BFDC5553C9BE04F;
			minimizedProjectReferenceProxies = 1;
			packageReferences = (
				5DDB7C56C7A888AFF5D86ACD /* XCRemoteSwiftPackageReference "aptabase-swift" */,
				C3156D4C68323EEA4C24D3E9 /* XCRemoteSwiftPackageReference "Sparkle" */,
			);
			preferredProjectObjectVersion = 77;
			productRefGroup = E245A1B0EFBD21BA2E413CF5 /* Products */;
			projectDirPath = "";
			projectRoot = "";
			targets = (
				C7D705FD03E582897EBBFCA9 /* BrowSync */,
				03517C96B408D7BE5C42D1ED /* BrowSyncExtension */,
			);
		};
/* End PBXProject section */

/* Begin PBXResourcesBuildPhase section */
		3350C0C31936192B8AF3A1F0 /* Resources */ = {
			isa = PBXResourcesBuildPhase;
			buildActionMask = 2147483647;
			files = (
				8B8829DDE271271237CF8E82 /* _locales in Resources */,
				BB67DA47A77A3BF2BCCF408C /* background.js in Resources */,
				451459BBDB92A248C9B5A124 /* content.js in Resources */,
				802AEFECBBCA59346FF958FB /* icons in Resources */,
				02A3CFA0BCE0065AD4A05EBA /* manifest.json in Resources */,
				4567138CD68F9FAC79645C22 /* popup.html in Resources */,
				96128DEC3156F0AB79B87436 /* popup.js in Resources */,
			);
			runOnlyForDeploymentPostprocessing = 0;
		};
		EEFB8FA7163DD6286B593D6D /* Resources */ = {
			isa = PBXResourcesBuildPhase;
			buildActionMask = 2147483647;
			files = (
				B3CA3D25584BA151347395DA /* Assets.xcassets in Resources */,
				BFE57D536478C567B7922537 /* BrowSync-Promo-1280x800.png in Resources */,
				7DE05CB0C0717AE68DF19152 /* InfoPlist.strings in Resources */,
				0A63D7EDCF55B55E811CB8EE /* Localizable.strings in Resources */,
			);
			runOnlyForDeploymentPostprocessing = 0;
		};
/* End PBXResourcesBuildPhase section */

/* Begin PBXSourcesBuildPhase section */
		06F117E61C86457BAC80A302 /* Sources */ = {
			isa = PBXSourcesBuildPhase;
			buildActionMask = 2147483647;
			files = (
				843D134034448134FDF38A8B /* AnalyticsManager.swift in Sources */,
				FF2C4FE56E23B34872FBCDAF /* AppConfig.swift in Sources */,
				C30EE96DFF76B037BDEF411A /* AppState.swift in Sources */,
				13C5A394060BB3FAA4E0F25B /* BackupService.swift in Sources */,
				6483E01050E3491D679A4C6A /* BookmarkSyncTabView.swift in Sources */,
				F2EB1E0274B9ADAF8C9B9620 /* BrowSyncApp.swift in Sources */,
				C7046B24359CF5FB86A8E512 /* Browser.swift in Sources */,
				33196311642EEF796051FA58 /* BrowserScanner.swift in Sources */,
				F305BEDD3C3CF4EAB82BB3BA /* BrowsersTabView.swift in Sources */,
				8A59C788940EE276FEF49438 /* ContentView.swift in Sources */,
				707821BB2B42D121080578F5 /* DaemonServer.swift in Sources */,
				1150700A20301EFB81B57837 /* GeneralView.swift in Sources */,
				8DFBC220F863CB4B7D9E8740 /* LanguageBundle.swift in Sources */,
				89B2FBA2DA46EBD47142C310 /* NotificationService.swift in Sources */,
				32705BB7B9B3DD1FAC405E50 /* RouterModels.swift in Sources */,
				09C7E842D5114B27B18A86DB /* RouterTabView.swift in Sources */,
				0F5CB5937AE876460E91A93C /* RuleEditorView.swift in Sources */,
				3A13FFD185F493D6D340336C /* SafariBookmarkService.swift in Sources */,
				B73BEA26F240001A92A704D8 /* SettingsService.swift in Sources */,
				50B07349BAD8F3A740432E15 /* StateSyncTabView.swift in Sources */,
				E1CD59F47876A3FB53D94328 /* SyncModels.swift in Sources */,
				2BE142A7116F307B8526606A /* SyncService.swift in Sources */,
				B2F785D247654F6B9656917F /* SyncView.swift in Sources */,
				F18EAA6DAF0C0B0A4358E3FB /* TabSharingTabView.swift in Sources */,
				A2FE9A8C0FC5C40F58163D5C /* WSMessage.swift in Sources */,
			);
			runOnlyForDeploymentPostprocessing = 0;
		};
		DC3AECE18AA7DB8FE4AF2FC7 /* Sources */ = {
			isa = PBXSourcesBuildPhase;
			buildActionMask = 2147483647;
			files = (
				DBBE43C12EC0AAF9A23B738F /* SafariWebExtensionHandler.swift in Sources */,
			);
			runOnlyForDeploymentPostprocessing = 0;
		};
/* End PBXSourcesBuildPhase section */

/* Begin PBXTargetDependency section */
		A2978A4CF9CBBBF9634BF1E1 /* PBXTargetDependency */ = {
			isa = PBXTargetDependency;
			target = 03517C96B408D7BE5C42D1ED /* BrowSyncExtension */;
			targetProxy = EEB0915703FF78BCF7025B35 /* PBXContainerItemProxy */;
		};
/* End PBXTargetDependency section */

/* Begin PBXVariantGroup section */
		2F278BFDA3B2DF653CD4E4A2 /* Localizable.strings */ = {
			isa = PBXVariantGroup;
			children = (
				2A1DD27FFC2EB5AD2E32B10B /* de */,
				EBE3A33AF5716E66F9B37B38 /* en */,
				941D195193674655AB6224B9 /* es */,
				01878D8F3BC20991BBF106DD /* fr */,
				4420759D96B938F92F687F8A /* it */,
				780E0CD4A6E3352284F4F212 /* ja */,
				E2B2655588572D19F7C9C320 /* ko */,
				11E0FCE05A6FAB3580A7C607 /* zh-Hans */,
			);
			name = Localizable.strings;
			sourceTree = "<group>";
		};
		5385B997A76CEA70148BB576 /* InfoPlist.strings */ = {
			isa = PBXVariantGroup;
			children = (
				500DD7EB4DC5567A03D6014D /* en */,
				AFA7ED2885F5600F25B63D2D /* zh-Hans */,
			);
			name = InfoPlist.strings;
			sourceTree = "<group>";
		};
/* End PBXVariantGroup section */

/* Begin XCBuildConfiguration section */
		11D473C9B111A30FB28A0ABD /* Debug */ = {
			isa = XCBuildConfiguration;
			buildSettings = {
				APPLICATION_EXTENSION_API_ONLY = NO;
				ASSETCATALOG_COMPILER_APPICON_NAME = AppIcon;
				CODE_SIGN_ENTITLEMENTS = BrowSync.entitlements;
				CODE_SIGN_STYLE = Automatic;
				COMBINE_HIDPI_IMAGES = YES;
				DEVELOPMENT_TEAM = U2NEAJ73J2;
				INFOPLIST_FILE = BrowSync/Resources/Info.plist;
				LD_RUNPATH_SEARCH_PATHS = (
					"$(inherited)",
					"@executable_path/../Frameworks",
				);
				MACOSX_DEPLOYMENT_TARGET = 14.0;
				PRODUCT_BUNDLE_IDENTIFIER = com.ct106.browsync;
				PRODUCT_NAME = BrowSync;
				SDKROOT = macosx;
				SWIFT_EMIT_LOC_STRINGS = YES;
			};
			name = Debug;
		};
		1A8C4BFDB85D3D901EDDEA77 /* Debug */ = {
			isa = XCBuildConfiguration;
			buildSettings = {
				CODE_SIGN_ENTITLEMENTS = BrowSyncExtension.entitlements;
				CODE_SIGN_STYLE = Automatic;
				COMBINE_HIDPI_IMAGES = YES;
				DEVELOPMENT_TEAM = U2NEAJ73J2;
				INFOPLIST_FILE = BrowSyncExtension/Info.plist;
				LD_RUNPATH_SEARCH_PATHS = (
					"$(inherited)",
					"@executable_path/../Frameworks",
					"@executable_path/../../../../Frameworks",
				);
				MACOSX_DEPLOYMENT_TARGET = 14.0;
				PRODUCT_BUNDLE_IDENTIFIER = com.ct106.browsync.extension;
				SDKROOT = macosx;
				SWIFT_EMIT_LOC_STRINGS = YES;
			};
			name = Debug;
		};
		374B46621CB4FC7EF6B4454C /* Release */ = {
			isa = XCBuildConfiguration;
			buildSettings = {
				ALWAYS_SEARCH_USER_PATHS = NO;
				CLANG_ANALYZER_NONNULL = YES;
				CLANG_ANALYZER_NUMBER_OBJECT_CONVERSION = YES_AGGRESSIVE;
				CLANG_CXX_LANGUAGE_STANDARD = "gnu++14";
				CLANG_CXX_LIBRARY = "libc++";
				CLANG_ENABLE_MODULES = YES;
				CLANG_ENABLE_OBJC_ARC = YES;
				CLANG_ENABLE_OBJC_WEAK = YES;
				CLANG_WARN_BLOCK_CAPTURE_AUTORELEASING = YES;
				CLANG_WARN_BOOL_CONVERSION = YES;
				CLANG_WARN_COMMA = YES;
				CLANG_WARN_CONSTANT_CONVERSION = YES;
				CLANG_WARN_DEPRECATED_OBJC_IMPLEMENTATIONS = YES;
				CLANG_WARN_DIRECT_OBJC_ISA_USAGE = YES_ERROR;
				CLANG_WARN_DOCUMENTATION_COMMENTS = YES;
				CLANG_WARN_EMPTY_BODY = YES;
				CLANG_WARN_ENUM_CONVERSION = YES;
				CLANG_WARN_INFINITE_RECURSION = YES;
				CLANG_WARN_INT_CONVERSION = YES;
				CLANG_WARN_NON_LITERAL_NULL_CONVERSION = YES;
				CLANG_WARN_OBJC_IMPLICIT_RETAIN_SELF = YES;
				CLANG_WARN_OBJC_LITERAL_CONVERSION = YES;
				CLANG_WARN_OBJC_ROOT_CLASS = YES_ERROR;
				CLANG_WARN_QUOTED_INCLUDE_IN_FRAMEWORK_HEADER = YES;
				CLANG_WARN_RANGE_LOOP_ANALYSIS = YES;
				CLANG_WARN_STRICT_PROTOTYPES = YES;
				CLANG_WARN_SUSPICIOUS_MOVE = YES;
				CLANG_WARN_UNGUARDED_AVAILABILITY = YES_AGGRESSIVE;
				CLANG_WARN_UNREACHABLE_CODE = YES;
				CLANG_WARN__DUPLICATE_METHOD_MATCH = YES;
				COPY_PHASE_STRIP = NO;
				DEBUG_INFORMATION_FORMAT = "dwarf-with-dsym";
				ENABLE_HARDENED_RUNTIME = YES;
				ENABLE_NS_ASSERTIONS = NO;
				ENABLE_STRICT_OBJC_MSGSEND = YES;
				GCC_C_LANGUAGE_STANDARD = gnu11;
				GCC_NO_COMMON_BLOCKS = YES;
				GCC_WARN_64_TO_32_BIT_CONVERSION = YES;
				GCC_WARN_ABOUT_RETURN_TYPE = YES_ERROR;
				GCC_WARN_UNDECLARED_SELECTOR = YES;
				GCC_WARN_UNINITIALIZED_AUTOS = YES_AGGRESSIVE;
				GCC_WARN_UNUSED_FUNCTION = YES;
				GCC_WARN_UNUSED_VARIABLE = YES;
				MACOSX_DEPLOYMENT_TARGET = 14.0;
				MTL_ENABLE_DEBUG_INFO = NO;
				MTL_FAST_MATH = YES;
				PRODUCT_NAME = "$(TARGET_NAME)";
				SDKROOT = macosx;
				SWIFT_COMPILATION_MODE = wholemodule;
				SWIFT_OPTIMIZATION_LEVEL = "-O";
				SWIFT_STRICT_CONCURRENCY = minimal;
				SWIFT_VERSION = 5.10;
			};
			name = Release;
		};
		89DC6F6188FC0070AF9C3212 /* Release */ = {
			isa = XCBuildConfiguration;
			buildSettings = {
				CODE_SIGN_ENTITLEMENTS = BrowSyncExtension.entitlements;
				CODE_SIGN_STYLE = Automatic;
				COMBINE_HIDPI_IMAGES = YES;
				DEVELOPMENT_TEAM = U2NEAJ73J2;
				INFOPLIST_FILE = BrowSyncExtension/Info.plist;
				LD_RUNPATH_SEARCH_PATHS = (
					"$(inherited)",
					"@executable_path/../Frameworks",
					"@executable_path/../../../../Frameworks",
				);
				MACOSX_DEPLOYMENT_TARGET = 14.0;
				PRODUCT_BUNDLE_IDENTIFIER = com.ct106.browsync.extension;
				SDKROOT = macosx;
				SWIFT_EMIT_LOC_STRINGS = YES;
			};
			name = Release;
		};
		DC9FE259C17DDA61C792E785 /* Release */ = {
			isa = XCBuildConfiguration;
			buildSettings = {
				APPLICATION_EXTENSION_API_ONLY = NO;
				ASSETCATALOG_COMPILER_APPICON_NAME = AppIcon;
				CODE_SIGN_ENTITLEMENTS = BrowSync.entitlements;
				CODE_SIGN_STYLE = Automatic;
				COMBINE_HIDPI_IMAGES = YES;
				DEVELOPMENT_TEAM = U2NEAJ73J2;
				INFOPLIST_FILE = BrowSync/Resources/Info.plist;
				LD_RUNPATH_SEARCH_PATHS = (
					"$(inherited)",
					"@executable_path/../Frameworks",
				);
				MACOSX_DEPLOYMENT_TARGET = 14.0;
				PRODUCT_BUNDLE_IDENTIFIER = com.ct106.browsync;
				PRODUCT_NAME = BrowSync;
				SDKROOT = macosx;
				SWIFT_EMIT_LOC_STRINGS = YES;
			};
			name = Release;
		};
		F656CFCA271621E9D80404D5 /* Debug */ = {
			isa = XCBuildConfiguration;
			buildSettings = {
				ALWAYS_SEARCH_USER_PATHS = NO;
				CLANG_ANALYZER_NONNULL = YES;
				CLANG_ANALYZER_NUMBER_OBJECT_CONVERSION = YES_AGGRESSIVE;
				CLANG_CXX_LANGUAGE_STANDARD = "gnu++14";
				CLANG_CXX_LIBRARY = "libc++";
				CLANG_ENABLE_MODULES = YES;
				CLANG_ENABLE_OBJC_ARC = YES;
				CLANG_ENABLE_OBJC_WEAK = YES;
				CLANG_WARN_BLOCK_CAPTURE_AUTORELEASING = YES;
				CLANG_WARN_BOOL_CONVERSION = YES;
				CLANG_WARN_COMMA = YES;
				CLANG_WARN_CONSTANT_CONVERSION = YES;
				CLANG_WARN_DEPRECATED_OBJC_IMPLEMENTATIONS = YES;
				CLANG_WARN_DIRECT_OBJC_ISA_USAGE = YES_ERROR;
				CLANG_WARN_DOCUMENTATION_COMMENTS = YES;
				CLANG_WARN_EMPTY_BODY = YES;
				CLANG_WARN_ENUM_CONVERSION = YES;
				CLANG_WARN_INFINITE_RECURSION = YES;
				CLANG_WARN_INT_CONVERSION = YES;
				CLANG_WARN_NON_LITERAL_NULL_CONVERSION = YES;
				CLANG_WARN_OBJC_IMPLICIT_RETAIN_SELF = YES;
				CLANG_WARN_OBJC_LITERAL_CONVERSION = YES;
				CLANG_WARN_OBJC_ROOT_CLASS = YES_ERROR;
				CLANG_WARN_QUOTED_INCLUDE_IN_FRAMEWORK_HEADER = YES;
				CLANG_WARN_RANGE_LOOP_ANALYSIS = YES;
				CLANG_WARN_STRICT_PROTOTYPES = YES;
				CLANG_WARN_SUSPICIOUS_MOVE = YES;
				CLANG_WARN_UNGUARDED_AVAILABILITY = YES_AGGRESSIVE;
				CLANG_WARN_UNREACHABLE_CODE = YES;
				CLANG_WARN__DUPLICATE_METHOD_MATCH = YES;
				COPY_PHASE_STRIP = NO;
				DEBUG_INFORMATION_FORMAT = dwarf;
				ENABLE_HARDENED_RUNTIME = YES;
				ENABLE_STRICT_OBJC_MSGSEND = YES;
				ENABLE_TESTABILITY = YES;
				GCC_C_LANGUAGE_STANDARD = gnu11;
				GCC_DYNAMIC_NO_PIC = NO;
				GCC_NO_COMMON_BLOCKS = YES;
				GCC_OPTIMIZATION_LEVEL = 0;
				GCC_PREPROCESSOR_DEFINITIONS = (
					"$(inherited)",
					"DEBUG=1",
				);
				GCC_WARN_64_TO_32_BIT_CONVERSION = YES;
				GCC_WARN_ABOUT_RETURN_TYPE = YES_ERROR;
				GCC_WARN_UNDECLARED_SELECTOR = YES;
				GCC_WARN_UNINITIALIZED_AUTOS = YES_AGGRESSIVE;
				GCC_WARN_UNUSED_FUNCTION = YES;
				GCC_WARN_UNUSED_VARIABLE = YES;
				MACOSX_DEPLOYMENT_TARGET = 14.0;
				MTL_ENABLE_DEBUG_INFO = INCLUDE_SOURCE;
				MTL_FAST_MATH = YES;
				ONLY_ACTIVE_ARCH = YES;
				PRODUCT_NAME = "$(TARGET_NAME)";
				SDKROOT = macosx;
				SWIFT_ACTIVE_COMPILATION_CONDITIONS = DEBUG;
				SWIFT_OPTIMIZATION_LEVEL = "-Onone";
				SWIFT_STRICT_CONCURRENCY = minimal;
				SWIFT_VERSION = 5.10;
			};
			name = Debug;
		};
/* End XCBuildConfiguration section */

/* Begin XCConfigurationList section */
		25B9F0727B6A8D53BD9DD5E2 /* Build configuration list for PBXNativeTarget "BrowSync" */ = {
			isa = XCConfigurationList;
			buildConfigurations = (
				11D473C9B111A30FB28A0ABD /* Debug */,
				DC9FE259C17DDA61C792E785 /* Release */,
			);
			defaultConfigurationIsVisible = 0;
			defaultConfigurationName = Debug;
		};
		45B1DDBECB156299D8C97C1D /* Build configuration list for PBXNativeTarget "BrowSyncExtension" */ = {
			isa = XCConfigurationList;
			buildConfigurations = (
				1A8C4BFDB85D3D901EDDEA77 /* Debug */,
				89DC6F6188FC0070AF9C3212 /* Release */,
			);
			defaultConfigurationIsVisible = 0;
			defaultConfigurationName = Debug;
		};
		5026419C8DEFB74C6E71F0B0 /* Build configuration list for PBXProject "BrowSync" */ = {
			isa = XCConfigurationList;
			buildConfigurations = (
				F656CFCA271621E9D80404D5 /* Debug */,
				374B46621CB4FC7EF6B4454C /* Release */,
			);
			defaultConfigurationIsVisible = 0;
			defaultConfigurationName = Debug;
		};
/* End XCConfigurationList section */

/* Begin XCRemoteSwiftPackageReference section */
		5DDB7C56C7A888AFF5D86ACD /* XCRemoteSwiftPackageReference "aptabase-swift" */ = {
			isa = XCRemoteSwiftPackageReference;
			repositoryURL = "https://github.com/aptabase/aptabase-swift";
			requirement = {
				kind = upToNextMajorVersion;
				minimumVersion = 0.3.0;
			};
		};
		C3156D4C68323EEA4C24D3E9 /* XCRemoteSwiftPackageReference "Sparkle" */ = {
			isa = XCRemoteSwiftPackageReference;
			repositoryURL = "https://github.com/sparkle-project/Sparkle";
			requirement = {
				kind = upToNextMajorVersion;
				minimumVersion = 2.6.0;
			};
		};
/* End XCRemoteSwiftPackageReference section */

/* Begin XCSwiftPackageProductDependency section */
		AE143AD59F66BFD216353310 /* Aptabase */ = {
			isa = XCSwiftPackageProductDependency;
			package = 5DDB7C56C7A888AFF5D86ACD /* XCRemoteSwiftPackageReference "aptabase-swift" */;
			productName = Aptabase;
		};
		B6D44F4007EDC4B1F445B0CA /* Sparkle */ = {
			isa = XCSwiftPackageProductDependency;
			package = C3156D4C68323EEA4C24D3E9 /* XCRemoteSwiftPackageReference "Sparkle" */;
			productName = Sparkle;
		};
/* End XCSwiftPackageProductDependency section */
	};
	rootObject = 93345561A22B956F3578F1B9 /* Project object */;
}
